
Microsoft Visual Studio Solution File, Format Version 11.00
# Visual Studio 2010
Project("{FAE04EC0-301F-11D3-BF4B-00C04F79EFBC}") = "NoCap.Extensions.Default", "NoCap.Extensions.Default\NoCap.Extensions.Default.csproj", "{DA3CA2D6-22ED-449B-8C58-3B088D34D6B5}"
EndProject
Project("{FAE04EC0-301F-11D3-BF4B-00C04F79EFBC}") = "NoCap.Library", "NoCap.Library\NoCap.Library.csproj", "{F8575C27-A6A0-4D6F-A9C8-C93A4DB20C4E}"
EndProject
Project("{FAE04EC0-301F-11D3-BF4B-00C04F79EFBC}") = "NoCap.Web", "NoCap.Web\NoCap.Web.csproj", "{48EAB6A5-2882-4DF7-9846-FD06581B33B5}"
EndProject
Project("{FAE04EC0-301F-11D3-BF4B-00C04F79EFBC}") = "NoCap.Web.Tests", "NoCap.Web.Tests\NoCap.Web.Tests.csproj", "{475BE876-2708-4AF6-BA9B-33B71823ED98}"
EndProject
Project("{FAE04EC0-301F-11D3-BF4B-00C04F79EFBC}") = "NoCap.GUI.WPF", "NoCap.GUI.WPF\NoCap.GUI.WPF.csproj", "{B2BBCA6D-B466-4834-A0B8-BE8E3417132E}"
	ProjectSection(ProjectDependencies) = postProject
		{DA3CA2D6-22ED-449B-8C58-3B088D34D6B5} = {DA3CA2D6-22ED-449B-8C58-3B088D34D6B5}
	EndProjectSection
EndProject
Project("{FAE04EC0-301F-11D3-BF4B-00C04F79EFBC}") = "NoCap.Library.Tests", "NoCap.Library.Tests\NoCap.Library.Tests.csproj", "{F11795C7-06DD-4684-9F04-BAFEECA1C0EC}"
EndProject
Project("{FAE04EC0-301F-11D3-BF4B-00C04F79EFBC}") = "WinputDotNet", "vendor\WinputDotNet\WinputDotNet\WinputDotNet.csproj", "{58A26DE2-2BAB-4E99-8AD3-B6D8F56747AB}"
EndProject
Project("{FAE04EC0-301F-11D3-BF4B-00C04F79EFBC}") = "WinputDotNet.Providers", "vendor\WinputDotNet\WinputDotNet.Providers\WinputDotNet.Providers.csproj", "{DDD13750-8319-406C-BC5F-E430D28258BB}"
EndProject
Project("{FAE04EC0-301F-11D3-BF4B-00C04F79EFBC}") = "Windows7.DesktopIntegration", "vendor\Windows7.DesktopIntegration\Windows7.DesktopIntegration.csproj", "{E3F064A7-ECEF-46B8-83BD-299E4E8BDF82}"
EndProject
Project("{FAE04EC0-301F-11D3-BF4B-00C04F79EFBC}") = "vistabridgelibrary", "vendor\vistabridgelibrary\vistabridgelibrary.csproj", "{CE304F35-FABF-4A24-AC48-5710670A82BE}"
EndProject
Project("{FAE04EC0-301F-11D3-BF4B-00C04F79EFBC}") = "NotifyIconWpf", "vendor\wpf-notifyicon\NotifyIconWpf\NotifyIconWpf.csproj", "{7AC63864-7638-41C4-969C-D3197EF2BED9}"
EndProject
Project("{FAE04EC0-301F-11D3-BF4B-00C04F79EFBC}") = "FTPSClient", "vendor\FTPSClient\FTPSClient.csproj", "{8271707D-0C08-460D-A332-6FDB8D0BB6D1}"
EndProject
Project("{FAE04EC0-301F-11D3-BF4B-00C04F79EFBC}") = "AttachedCommandBehavior", "vendor\AttachedCommandBehavior\AttachedCommandBehavior.csproj", "{BA852758-6682-4878-906A-917A1E75DE16}"
EndProject
Project("{FAE04EC0-301F-11D3-BF4B-00C04F79EFBC}") = "Bindable.Linq", "vendor\Bindable.Linq\Bindable.Linq.csproj", "{1BD32C0F-5FDE-4913-AEED-13840ACBF4E0}"
EndProject
Project("{FAE04EC0-301F-11D3-BF4B-00C04F79EFBC}") = "NoCap.Installer", "NoCap.Installer\NoCap.Installer.csproj", "{356E2223-5754-4233-A0C4-65CA58EA68AA}"
EndProject
Project("{FAE04EC0-301F-11D3-BF4B-00C04F79EFBC}") = "NoCap.OnParentExit", "NoCap.OnParentExit\NoCap.OnParentExit.csproj", "{6A45921D-BABB-49AE-BC53-D25D421C4B8B}"
EndProject
Project("{FAE04EC0-301F-11D3-BF4B-00C04F79EFBC}") = "StringLib", "vendor\StringLib\StringLib.csproj", "{893F9AF0-4AC2-47D3-9C9E-5730B579498B}"
EndProject
Project("{FAE04EC0-301F-11D3-BF4B-00C04F79EFBC}") = "NoCap.Update", "NoCap.Update\NoCap.Update.csproj", "{36D57807-F86C-40A6-B538-ABBA4CBE2B01}"
EndProject
Project("{FAE04EC0-301F-11D3-BF4B-00C04F79EFBC}") = "NoCap.Update.Tests", "NoCap.Update.Tests\NoCap.Update.Tests.csproj", "{511ED7ED-36BF-43EB-AD00-647886B85725}"
EndProject
Global
	GlobalSection(SolutionConfigurationPlatforms) = preSolution
		CodeAnalysis|Any CPU = CodeAnalysis|Any CPU
		CodeAnalysis|Mixed Platforms = CodeAnalysis|Mixed Platforms
		CodeAnalysis|x64 = CodeAnalysis|x64
		CodeAnalysis|x86 = CodeAnalysis|x86
		Debug|Any CPU = Debug|Any CPU
		Debug|Mixed Platforms = Debug|Mixed Platforms
		Debug|x64 = Debug|x64
		Debug|x86 = Debug|x86
		MakeDoc|Any CPU = MakeDoc|Any CPU
		MakeDoc|Mixed Platforms = MakeDoc|Mixed Platforms
		MakeDoc|x64 = MakeDoc|x64
		MakeDoc|x86 = MakeDoc|x86
		Release|Any CPU = Release|Any CPU
		Release|Mixed Platforms = Release|Mixed Platforms
		Release|x64 = Release|x64
		Release|x86 = Release|x86
		ReleaseNoUI|Any CPU = ReleaseNoUI|Any CPU
		ReleaseNoUI|Mixed Platforms = ReleaseNoUI|Mixed Platforms
		ReleaseNoUI|x64 = ReleaseNoUI|x64
		ReleaseNoUI|x86 = ReleaseNoUI|x86
		XMLDocument|Any CPU = XMLDocument|Any CPU
		XMLDocument|Mixed Platforms = XMLDocument|Mixed Platforms
		XMLDocument|x64 = XMLDocument|x64
		XMLDocument|x86 = XMLDocument|x86
	EndGlobalSection
	GlobalSection(ProjectConfigurationPlatforms) = postSolution
		{DA3CA2D6-22ED-449B-8C58-3B088D34D6B5}.CodeAnalysis|Any CPU.ActiveCfg = Release|Any CPU
		{DA3CA2D6-22ED-449B-8C58-3B088D34D6B5}.CodeAnalysis|Any CPU.Build.0 = Release|Any CPU
		{DA3CA2D6-22ED-449B-8C58-3B088D34D6B5}.CodeAnalysis|Mixed Platforms.ActiveCfg = Release|Any CPU
		{DA3CA2D6-22ED-449B-8C58-3B088D34D6B5}.CodeAnalysis|Mixed Platforms.Build.0 = Release|Any CPU
		{DA3CA2D6-22ED-449B-8C58-3B088D34D6B5}.CodeAnalysis|x64.ActiveCfg = Release|Any CPU
		{DA3CA2D6-22ED-449B-8C58-3B088D34D6B5}.CodeAnalysis|x86.ActiveCfg = Release|Any CPU
		{DA3CA2D6-22ED-449B-8C58-3B088D34D6B5}.Debug|Any CPU.ActiveCfg = Debug|Any CPU
		{DA3CA2D6-22ED-449B-8C58-3B088D34D6B5}.Debug|Any CPU.Build.0 = Debug|Any CPU
		{DA3CA2D6-22ED-449B-8C58-3B088D34D6B5}.Debug|Mixed Platforms.ActiveCfg = Debug|Any CPU
		{DA3CA2D6-22ED-449B-8C58-3B088D34D6B5}.Debug|Mixed Platforms.Build.0 = Debug|Any CPU
		{DA3CA2D6-22ED-449B-8C58-3B088D34D6B5}.Debug|x64.ActiveCfg = Debug|Any CPU
		{DA3CA2D6-22ED-449B-8C58-3B088D34D6B5}.Debug|x86.ActiveCfg = Debug|Any CPU
		{DA3CA2D6-22ED-449B-8C58-3B088D34D6B5}.MakeDoc|Any CPU.ActiveCfg = Release|Any CPU
		{DA3CA2D6-22ED-449B-8C58-3B088D34D6B5}.MakeDoc|Any CPU.Build.0 = Release|Any CPU
		{DA3CA2D6-22ED-449B-8C58-3B088D34D6B5}.MakeDoc|Mixed Platforms.ActiveCfg = Release|Any CPU
		{DA3CA2D6-22ED-449B-8C58-3B088D34D6B5}.MakeDoc|Mixed Platforms.Build.0 = Release|Any CPU
		{DA3CA2D6-22ED-449B-8C58-3B088D34D6B5}.MakeDoc|x64.ActiveCfg = Release|Any CPU
		{DA3CA2D6-22ED-449B-8C58-3B088D34D6B5}.MakeDoc|x86.ActiveCfg = Release|Any CPU
		{DA3CA2D6-22ED-449B-8C58-3B088D34D6B5}.Release|Any CPU.ActiveCfg = Release|Any CPU
		{DA3CA2D6-22ED-449B-8C58-3B088D34D6B5}.Release|Any CPU.Build.0 = Release|Any CPU
		{DA3CA2D6-22ED-449B-8C58-3B088D34D6B5}.Release|Mixed Platforms.ActiveCfg = Release|Any CPU
		{DA3CA2D6-22ED-449B-8C58-3B088D34D6B5}.Release|Mixed Platforms.Build.0 = Release|Any CPU
		{DA3CA2D6-22ED-449B-8C58-3B088D34D6B5}.Release|x64.ActiveCfg = Release|Any CPU
		{DA3CA2D6-22ED-449B-8C58-3B088D34D6B5}.Release|x86.ActiveCfg = Release|Any CPU
		{DA3CA2D6-22ED-449B-8C58-3B088D34D6B5}.ReleaseNoUI|Any CPU.ActiveCfg = Release|Any CPU
		{DA3CA2D6-22ED-449B-8C58-3B088D34D6B5}.ReleaseNoUI|Any CPU.Build.0 = Release|Any CPU
		{DA3CA2D6-22ED-449B-8C58-3B088D34D6B5}.ReleaseNoUI|Mixed Platforms.ActiveCfg = Release|Any CPU
		{DA3CA2D6-22ED-449B-8C58-3B088D34D6B5}.ReleaseNoUI|Mixed Platforms.Build.0 = Release|Any CPU
		{DA3CA2D6-22ED-449B-8C58-3B088D34D6B5}.ReleaseNoUI|x64.ActiveCfg = Release|Any CPU
		{DA3CA2D6-22ED-449B-8C58-3B088D34D6B5}.ReleaseNoUI|x86.ActiveCfg = Release|Any CPU
		{DA3CA2D6-22ED-449B-8C58-3B088D34D6B5}.XMLDocument|Any CPU.ActiveCfg = Release|Any CPU
		{DA3CA2D6-22ED-449B-8C58-3B088D34D6B5}.XMLDocument|Any CPU.Build.0 = Release|Any CPU
		{DA3CA2D6-22ED-449B-8C58-3B088D34D6B5}.XMLDocument|Mixed Platforms.ActiveCfg = Release|Any CPU
		{DA3CA2D6-22ED-449B-8C58-3B088D34D6B5}.XMLDocument|Mixed Platforms.Build.0 = Release|Any CPU
		{DA3CA2D6-22ED-449B-8C58-3B088D34D6B5}.XMLDocument|x64.ActiveCfg = Release|Any CPU
		{DA3CA2D6-22ED-449B-8C58-3B088D34D6B5}.XMLDocument|x86.ActiveCfg = Release|Any CPU
		{F8575C27-A6A0-4D6F-A9C8-C93A4DB20C4E}.CodeAnalysis|Any CPU.ActiveCfg = Release|Any CPU
		{F8575C27-A6A0-4D6F-A9C8-C93A4DB20C4E}.CodeAnalysis|Any CPU.Build.0 = Release|Any CPU
		{F8575C27-A6A0-4D6F-A9C8-C93A4DB20C4E}.CodeAnalysis|Mixed Platforms.ActiveCfg = Release|Any CPU
		{F8575C27-A6A0-4D6F-A9C8-C93A4DB20C4E}.CodeAnalysis|Mixed Platforms.Build.0 = Release|Any CPU
		{F8575C27-A6A0-4D6F-A9C8-C93A4DB20C4E}.CodeAnalysis|x64.ActiveCfg = Release|Any CPU
		{F8575C27-A6A0-4D6F-A9C8-C93A4DB20C4E}.CodeAnalysis|x86.ActiveCfg = Release|Any CPU
		{F8575C27-A6A0-4D6F-A9C8-C93A4DB20C4E}.Debug|Any CPU.ActiveCfg = Debug|Any CPU
		{F8575C27-A6A0-4D6F-A9C8-C93A4DB20C4E}.Debug|Any CPU.Build.0 = Debug|Any CPU
		{F8575C27-A6A0-4D6F-A9C8-C93A4DB20C4E}.Debug|Mixed Platforms.ActiveCfg = Debug|Any CPU
		{F8575C27-A6A0-4D6F-A9C8-C93A4DB20C4E}.Debug|Mixed Platforms.Build.0 = Debug|Any CPU
		{F8575C27-A6A0-4D6F-A9C8-C93A4DB20C4E}.Debug|x64.ActiveCfg = Debug|Any CPU
		{F8575C27-A6A0-4D6F-A9C8-C93A4DB20C4E}.Debug|x86.ActiveCfg = Debug|Any CPU
		{F8575C27-A6A0-4D6F-A9C8-C93A4DB20C4E}.MakeDoc|Any CPU.ActiveCfg = Release|Any CPU
		{F8575C27-A6A0-4D6F-A9C8-C93A4DB20C4E}.MakeDoc|Any CPU.Build.0 = Release|Any CPU
		{F8575C27-A6A0-4D6F-A9C8-C93A4DB20C4E}.MakeDoc|Mixed Platforms.ActiveCfg = Release|Any CPU
		{F8575C27-A6A0-4D6F-A9C8-C93A4DB20C4E}.MakeDoc|Mixed Platforms.Build.0 = Release|Any CPU
		{F8575C27-A6A0-4D6F-A9C8-C93A4DB20C4E}.MakeDoc|x64.ActiveCfg = Release|Any CPU
		{F8575C27-A6A0-4D6F-A9C8-C93A4DB20C4E}.MakeDoc|x86.ActiveCfg = Release|Any CPU
		{F8575C27-A6A0-4D6F-A9C8-C93A4DB20C4E}.Release|Any CPU.ActiveCfg = Release|Any CPU
		{F8575C27-A6A0-4D6F-A9C8-C93A4DB20C4E}.Release|Any CPU.Build.0 = Release|Any CPU
		{F8575C27-A6A0-4D6F-A9C8-C93A4DB20C4E}.Release|Mixed Platforms.ActiveCfg = Release|Any CPU
		{F8575C27-A6A0-4D6F-A9C8-C93A4DB20C4E}.Release|Mixed Platforms.Build.0 = Release|Any CPU
		{F8575C27-A6A0-4D6F-A9C8-C93A4DB20C4E}.Release|x64.ActiveCfg = Release|Any CPU
		{F8575C27-A6A0-4D6F-A9C8-C93A4DB20C4E}.Release|x86.ActiveCfg = Release|Any CPU
		{F8575C27-A6A0-4D6F-A9C8-C93A4DB20C4E}.ReleaseNoUI|Any CPU.ActiveCfg = Release|Any CPU
		{F8575C27-A6A0-4D6F-A9C8-C93A4DB20C4E}.ReleaseNoUI|Any CPU.Build.0 = Release|Any CPU
		{F8575C27-A6A0-4D6F-A9C8-C93A4DB20C4E}.ReleaseNoUI|Mixed Platforms.ActiveCfg = Release|Any CPU
		{F8575C27-A6A0-4D6F-A9C8-C93A4DB20C4E}.ReleaseNoUI|Mixed Platforms.Build.0 = Release|Any CPU
		{F8575C27-A6A0-4D6F-A9C8-C93A4DB20C4E}.ReleaseNoUI|x64.ActiveCfg = Release|Any CPU
		{F8575C27-A6A0-4D6F-A9C8-C93A4DB20C4E}.ReleaseNoUI|x86.ActiveCfg = Release|Any CPU
		{F8575C27-A6A0-4D6F-A9C8-C93A4DB20C4E}.XMLDocument|Any CPU.ActiveCfg = Release|Any CPU
		{F8575C27-A6A0-4D6F-A9C8-C93A4DB20C4E}.XMLDocument|Any CPU.Build.0 = Release|Any CPU
		{F8575C27-A6A0-4D6F-A9C8-C93A4DB20C4E}.XMLDocument|Mixed Platforms.ActiveCfg = Release|Any CPU
		{F8575C27-A6A0-4D6F-A9C8-C93A4DB20C4E}.XMLDocument|Mixed Platforms.Build.0 = Release|Any CPU
		{F8575C27-A6A0-4D6F-A9C8-C93A4DB20C4E}.XMLDocument|x64.ActiveCfg = Release|Any CPU
		{F8575C27-A6A0-4D6F-A9C8-C93A4DB20C4E}.XMLDocument|x86.ActiveCfg = Release|Any CPU
		{48EAB6A5-2882-4DF7-9846-FD06581B33B5}.CodeAnalysis|Any CPU.ActiveCfg = Release|Any CPU
		{48EAB6A5-2882-4DF7-9846-FD06581B33B5}.CodeAnalysis|Any CPU.Build.0 = Release|Any CPU
		{48EAB6A5-2882-4DF7-9846-FD06581B33B5}.CodeAnalysis|Mixed Platforms.ActiveCfg = Release|Any CPU
		{48EAB6A5-2882-4DF7-9846-FD06581B33B5}.CodeAnalysis|Mixed Platforms.Build.0 = Release|Any CPU
		{48EAB6A5-2882-4DF7-9846-FD06581B33B5}.CodeAnalysis|x64.ActiveCfg = Release|Any CPU
		{48EAB6A5-2882-4DF7-9846-FD06581B33B5}.CodeAnalysis|x86.ActiveCfg = Release|Any CPU
		{48EAB6A5-2882-4DF7-9846-FD06581B33B5}.Debug|Any CPU.ActiveCfg = Debug|Any CPU
		{48EAB6A5-2882-4DF7-9846-FD06581B33B5}.Debug|Any CPU.Build.0 = Debug|Any CPU
		{48EAB6A5-2882-4DF7-9846-FD06581B33B5}.Debug|Mixed Platforms.ActiveCfg = Debug|Any CPU
		{48EAB6A5-2882-4DF7-9846-FD06581B33B5}.Debug|Mixed Platforms.Build.0 = Debug|Any CPU
		{48EAB6A5-2882-4DF7-9846-FD06581B33B5}.Debug|x64.ActiveCfg = Debug|Any CPU
		{48EAB6A5-2882-4DF7-9846-FD06581B33B5}.Debug|x86.ActiveCfg = Debug|Any CPU
		{48EAB6A5-2882-4DF7-9846-FD06581B33B5}.MakeDoc|Any CPU.ActiveCfg = Release|Any CPU
		{48EAB6A5-2882-4DF7-9846-FD06581B33B5}.MakeDoc|Any CPU.Build.0 = Release|Any CPU
		{48EAB6A5-2882-4DF7-9846-FD06581B33B5}.MakeDoc|Mixed Platforms.ActiveCfg = Release|Any CPU
		{48EAB6A5-2882-4DF7-9846-FD06581B33B5}.MakeDoc|Mixed Platforms.Build.0 = Release|Any CPU
		{48EAB6A5-2882-4DF7-9846-FD06581B33B5}.MakeDoc|x64.ActiveCfg = Release|Any CPU
		{48EAB6A5-2882-4DF7-9846-FD06581B33B5}.MakeDoc|x86.ActiveCfg = Release|Any CPU
		{48EAB6A5-2882-4DF7-9846-FD06581B33B5}.Release|Any CPU.ActiveCfg = Release|Any CPU
		{48EAB6A5-2882-4DF7-9846-FD06581B33B5}.Release|Any CPU.Build.0 = Release|Any CPU
		{48EAB6A5-2882-4DF7-9846-FD06581B33B5}.Release|Mixed Platforms.ActiveCfg = Release|Any CPU
		{48EAB6A5-2882-4DF7-9846-FD06581B33B5}.Release|Mixed Platforms.Build.0 = Release|Any CPU
		{48EAB6A5-2882-4DF7-9846-FD06581B33B5}.Release|x64.ActiveCfg = Release|Any CPU
		{48EAB6A5-2882-4DF7-9846-FD06581B33B5}.Release|x86.ActiveCfg = Release|Any CPU
		{48EAB6A5-2882-4DF7-9846-FD06581B33B5}.ReleaseNoUI|Any CPU.ActiveCfg = Release|Any CPU
		{48EAB6A5-2882-4DF7-9846-FD06581B33B5}.ReleaseNoUI|Any CPU.Build.0 = Release|Any CPU
		{48EAB6A5-2882-4DF7-9846-FD06581B33B5}.ReleaseNoUI|Mixed Platforms.ActiveCfg = Release|Any CPU
		{48EAB6A5-2882-4DF7-9846-FD06581B33B5}.ReleaseNoUI|Mixed Platforms.Build.0 = Release|Any CPU
		{48EAB6A5-2882-4DF7-9846-FD06581B33B5}.ReleaseNoUI|x64.ActiveCfg = Release|Any CPU
		{48EAB6A5-2882-4DF7-9846-FD06581B33B5}.ReleaseNoUI|x86.ActiveCfg = Release|Any CPU
		{48EAB6A5-2882-4DF7-9846-FD06581B33B5}.XMLDocument|Any CPU.ActiveCfg = Release|Any CPU
		{48EAB6A5-2882-4DF7-9846-FD06581B33B5}.XMLDocument|Any CPU.Build.0 = Release|Any CPU
		{48EAB6A5-2882-4DF7-9846-FD06581B33B5}.XMLDocument|Mixed Platforms.ActiveCfg = Release|Any CPU
		{48EAB6A5-2882-4DF7-9846-FD06581B33B5}.XMLDocument|Mixed Platforms.Build.0 = Release|Any CPU
		{48EAB6A5-2882-4DF7-9846-FD06581B33B5}.XMLDocument|x64.ActiveCfg = Release|Any CPU
		{48EAB6A5-2882-4DF7-9846-FD06581B33B5}.XMLDocument|x86.ActiveCfg = Release|Any CPU
		{475BE876-2708-4AF6-BA9B-33B71823ED98}.CodeAnalysis|Any CPU.ActiveCfg = Release|Any CPU
		{475BE876-2708-4AF6-BA9B-33B71823ED98}.CodeAnalysis|Any CPU.Build.0 = Release|Any CPU
		{475BE876-2708-4AF6-BA9B-33B71823ED98}.CodeAnalysis|Mixed Platforms.ActiveCfg = Release|Any CPU
		{475BE876-2708-4AF6-BA9B-33B71823ED98}.CodeAnalysis|Mixed Platforms.Build.0 = Release|Any CPU
		{475BE876-2708-4AF6-BA9B-33B71823ED98}.CodeAnalysis|x64.ActiveCfg = Release|Any CPU
		{475BE876-2708-4AF6-BA9B-33B71823ED98}.CodeAnalysis|x86.ActiveCfg = Release|Any CPU
		{475BE876-2708-4AF6-BA9B-33B71823ED98}.Debug|Any CPU.ActiveCfg = Debug|Any CPU
		{475BE876-2708-4AF6-BA9B-33B71823ED98}.Debug|Any CPU.Build.0 = Debug|Any CPU
		{475BE876-2708-4AF6-BA9B-33B71823ED98}.Debug|Mixed Platforms.ActiveCfg = Debug|Any CPU
		{475BE876-2708-4AF6-BA9B-33B71823ED98}.Debug|Mixed Platforms.Build.0 = Debug|Any CPU
		{475BE876-2708-4AF6-BA9B-33B71823ED98}.Debug|x64.ActiveCfg = Debug|Any CPU
		{475BE876-2708-4AF6-BA9B-33B71823ED98}.Debug|x86.ActiveCfg = Debug|Any CPU
		{475BE876-2708-4AF6-BA9B-33B71823ED98}.MakeDoc|Any CPU.ActiveCfg = Release|Any CPU
		{475BE876-2708-4AF6-BA9B-33B71823ED98}.MakeDoc|Any CPU.Build.0 = Release|Any CPU
		{475BE876-2708-4AF6-BA9B-33B71823ED98}.MakeDoc|Mixed Platforms.ActiveCfg = Release|Any CPU
		{475BE876-2708-4AF6-BA9B-33B71823ED98}.MakeDoc|Mixed Platforms.Build.0 = Release|Any CPU
		{475BE876-2708-4AF6-BA9B-33B71823ED98}.MakeDoc|x64.ActiveCfg = Release|Any CPU
		{475BE876-2708-4AF6-BA9B-33B71823ED98}.MakeDoc|x86.ActiveCfg = Release|Any CPU
		{475BE876-2708-4AF6-BA9B-33B71823ED98}.Release|Any CPU.ActiveCfg = Release|Any CPU
		{475BE876-2708-4AF6-BA9B-33B71823ED98}.Release|Any CPU.Build.0 = Release|Any CPU
		{475BE876-2708-4AF6-BA9B-33B71823ED98}.Release|Mixed Platforms.ActiveCfg = Release|Any CPU
		{475BE876-2708-4AF6-BA9B-33B71823ED98}.Release|Mixed Platforms.Build.0 = Release|Any CPU
		{475BE876-2708-4AF6-BA9B-33B71823ED98}.Release|x64.ActiveCfg = Release|Any CPU
		{475BE876-2708-4AF6-BA9B-33B71823ED98}.Release|x86.ActiveCfg = Release|Any CPU
		{475BE876-2708-4AF6-BA9B-33B71823ED98}.ReleaseNoUI|Any CPU.ActiveCfg = Release|Any CPU
		{475BE876-2708-4AF6-BA9B-33B71823ED98}.ReleaseNoUI|Any CPU.Build.0 = Release|Any CPU
		{475BE876-2708-4AF6-BA9B-33B71823ED98}.ReleaseNoUI|Mixed Platforms.ActiveCfg = Release|Any CPU
		{475BE876-2708-4AF6-BA9B-33B71823ED98}.ReleaseNoUI|Mixed Platforms.Build.0 = Release|Any CPU
		{475BE876-2708-4AF6-BA9B-33B71823ED98}.ReleaseNoUI|x64.ActiveCfg = Release|Any CPU
		{475BE876-2708-4AF6-BA9B-33B71823ED98}.ReleaseNoUI|x86.ActiveCfg = Release|Any CPU
		{475BE876-2708-4AF6-BA9B-33B71823ED98}.XMLDocument|Any CPU.ActiveCfg = Release|Any CPU
		{475BE876-2708-4AF6-BA9B-33B71823ED98}.XMLDocument|Any CPU.Build.0 = Release|Any CPU
		{475BE876-2708-4AF6-BA9B-33B71823ED98}.XMLDocument|Mixed Platforms.ActiveCfg = Release|Any CPU
		{475BE876-2708-4AF6-BA9B-33B71823ED98}.XMLDocument|Mixed Platforms.Build.0 = Release|Any CPU
		{475BE876-2708-4AF6-BA9B-33B71823ED98}.XMLDocument|x64.ActiveCfg = Release|Any CPU
		{475BE876-2708-4AF6-BA9B-33B71823ED98}.XMLDocument|x86.ActiveCfg = Release|Any CPU
		{B2BBCA6D-B466-4834-A0B8-BE8E3417132E}.CodeAnalysis|Any CPU.ActiveCfg = Release|x86
		{B2BBCA6D-B466-4834-A0B8-BE8E3417132E}.CodeAnalysis|Mixed Platforms.ActiveCfg = Release|x86
		{B2BBCA6D-B466-4834-A0B8-BE8E3417132E}.CodeAnalysis|Mixed Platforms.Build.0 = Release|x86
		{B2BBCA6D-B466-4834-A0B8-BE8E3417132E}.CodeAnalysis|x64.ActiveCfg = Release|x86
		{B2BBCA6D-B466-4834-A0B8-BE8E3417132E}.CodeAnalysis|x86.ActiveCfg = Release|x86
		{B2BBCA6D-B466-4834-A0B8-BE8E3417132E}.CodeAnalysis|x86.Build.0 = Release|x86
		{B2BBCA6D-B466-4834-A0B8-BE8E3417132E}.Debug|Any CPU.ActiveCfg = Debug|x86
		{B2BBCA6D-B466-4834-A0B8-BE8E3417132E}.Debug|Mixed Platforms.ActiveCfg = Debug|x86
		{B2BBCA6D-B466-4834-A0B8-BE8E3417132E}.Debug|Mixed Platforms.Build.0 = Debug|x86
		{B2BBCA6D-B466-4834-A0B8-BE8E3417132E}.Debug|x64.ActiveCfg = Debug|x86
		{B2BBCA6D-B466-4834-A0B8-BE8E3417132E}.Debug|x86.ActiveCfg = Debug|x86
		{B2BBCA6D-B466-4834-A0B8-BE8E3417132E}.Debug|x86.Build.0 = Debug|x86
		{B2BBCA6D-B466-4834-A0B8-BE8E3417132E}.MakeDoc|Any CPU.ActiveCfg = Release|x86
		{B2BBCA6D-B466-4834-A0B8-BE8E3417132E}.MakeDoc|Mixed Platforms.ActiveCfg = Release|x86
		{B2BBCA6D-B466-4834-A0B8-BE8E3417132E}.MakeDoc|Mixed Platforms.Build.0 = Release|x86
		{B2BBCA6D-B466-4834-A0B8-BE8E3417132E}.MakeDoc|x64.ActiveCfg = Release|x86
		{B2BBCA6D-B466-4834-A0B8-BE8E3417132E}.MakeDoc|x86.ActiveCfg = Release|x86
		{B2BBCA6D-B466-4834-A0B8-BE8E3417132E}.MakeDoc|x86.Build.0 = Release|x86
		{B2BBCA6D-B466-4834-A0B8-BE8E3417132E}.Release|Any CPU.ActiveCfg = Release|x86
		{B2BBCA6D-B466-4834-A0B8-BE8E3417132E}.Release|Mixed Platforms.ActiveCfg = Release|x86
		{B2BBCA6D-B466-4834-A0B8-BE8E3417132E}.Release|Mixed Platforms.Build.0 = Release|x86
		{B2BBCA6D-B466-4834-A0B8-BE8E3417132E}.Release|x64.ActiveCfg = Release|x86
		{B2BBCA6D-B466-4834-A0B8-BE8E3417132E}.Release|x86.ActiveCfg = Release|x86
		{B2BBCA6D-B466-4834-A0B8-BE8E3417132E}.Release|x86.Build.0 = Release|x86
		{B2BBCA6D-B466-4834-A0B8-BE8E3417132E}.ReleaseNoUI|Any CPU.ActiveCfg = Release|x86
		{B2BBCA6D-B466-4834-A0B8-BE8E3417132E}.ReleaseNoUI|Mixed Platforms.ActiveCfg = Release|x86
		{B2BBCA6D-B466-4834-A0B8-BE8E3417132E}.ReleaseNoUI|Mixed Platforms.Build.0 = Release|x86
		{B2BBCA6D-B466-4834-A0B8-BE8E3417132E}.ReleaseNoUI|x64.ActiveCfg = Release|x86
		{B2BBCA6D-B466-4834-A0B8-BE8E3417132E}.ReleaseNoUI|x86.ActiveCfg = Release|x86
		{B2BBCA6D-B466-4834-A0B8-BE8E3417132E}.ReleaseNoUI|x86.Build.0 = Release|x86
		{B2BBCA6D-B466-4834-A0B8-BE8E3417132E}.XMLDocument|Any CPU.ActiveCfg = Release|x86
		{B2BBCA6D-B466-4834-A0B8-BE8E3417132E}.XMLDocument|Mixed Platforms.ActiveCfg = Release|x86
		{B2BBCA6D-B466-4834-A0B8-BE8E3417132E}.XMLDocument|Mixed Platforms.Build.0 = Release|x86
		{B2BBCA6D-B466-4834-A0B8-BE8E3417132E}.XMLDocument|x64.ActiveCfg = Release|x86
		{B2BBCA6D-B466-4834-A0B8-BE8E3417132E}.XMLDocument|x86.ActiveCfg = Release|x86
		{B2BBCA6D-B466-4834-A0B8-BE8E3417132E}.XMLDocument|x86.Build.0 = Release|x86
		{F11795C7-06DD-4684-9F04-BAFEECA1C0EC}.CodeAnalysis|Any CPU.ActiveCfg = Release|Any CPU
		{F11795C7-06DD-4684-9F04-BAFEECA1C0EC}.CodeAnalysis|Any CPU.Build.0 = Release|Any CPU
		{F11795C7-06DD-4684-9F04-BAFEECA1C0EC}.CodeAnalysis|Mixed Platforms.ActiveCfg = Release|Any CPU
		{F11795C7-06DD-4684-9F04-BAFEECA1C0EC}.CodeAnalysis|Mixed Platforms.Build.0 = Release|Any CPU
		{F11795C7-06DD-4684-9F04-BAFEECA1C0EC}.CodeAnalysis|x64.ActiveCfg = Release|Any CPU
		{F11795C7-06DD-4684-9F04-BAFEECA1C0EC}.CodeAnalysis|x86.ActiveCfg = Release|Any CPU
		{F11795C7-06DD-4684-9F04-BAFEECA1C0EC}.Debug|Any CPU.ActiveCfg = Debug|Any CPU
		{F11795C7-06DD-4684-9F04-BAFEECA1C0EC}.Debug|Any CPU.Build.0 = Debug|Any CPU
		{F11795C7-06DD-4684-9F04-BAFEECA1C0EC}.Debug|Mixed Platforms.ActiveCfg = Debug|Any CPU
		{F11795C7-06DD-4684-9F04-BAFEECA1C0EC}.Debug|Mixed Platforms.Build.0 = Debug|Any CPU
		{F11795C7-06DD-4684-9F04-BAFEECA1C0EC}.Debug|x64.ActiveCfg = Debug|Any CPU
		{F11795C7-06DD-4684-9F04-BAFEECA1C0EC}.Debug|x86.ActiveCfg = Debug|Any CPU
		{F11795C7-06DD-4684-9F04-BAFEECA1C0EC}.MakeDoc|Any CPU.ActiveCfg = Release|Any CPU
		{F11795C7-06DD-4684-9F04-BAFEECA1C0EC}.MakeDoc|Any CPU.Build.0 = Release|Any CPU
		{F11795C7-06DD-4684-9F04-BAFEECA1C0EC}.MakeDoc|Mixed Platforms.ActiveCfg = Release|Any CPU
		{F11795C7-06DD-4684-9F04-BAFEECA1C0EC}.MakeDoc|Mixed Platforms.Build.0 = Release|Any CPU
		{F11795C7-06DD-4684-9F04-BAFEECA1C0EC}.MakeDoc|x64.ActiveCfg = Release|Any CPU
		{F11795C7-06DD-4684-9F04-BAFEECA1C0EC}.MakeDoc|x86.ActiveCfg = Release|Any CPU
		{F11795C7-06DD-4684-9F04-BAFEECA1C0EC}.Release|Any CPU.ActiveCfg = Release|Any CPU
		{F11795C7-06DD-4684-9F04-BAFEECA1C0EC}.Release|Any CPU.Build.0 = Release|Any CPU
		{F11795C7-06DD-4684-9F04-BAFEECA1C0EC}.Release|Mixed Platforms.ActiveCfg = Release|Any CPU
		{F11795C7-06DD-4684-9F04-BAFEECA1C0EC}.Release|Mixed Platforms.Build.0 = Release|Any CPU
		{F11795C7-06DD-4684-9F04-BAFEECA1C0EC}.Release|x64.ActiveCfg = Release|Any CPU
		{F11795C7-06DD-4684-9F04-BAFEECA1C0EC}.Release|x86.ActiveCfg = Release|Any CPU
		{F11795C7-06DD-4684-9F04-BAFEECA1C0EC}.ReleaseNoUI|Any CPU.ActiveCfg = Release|Any CPU
		{F11795C7-06DD-4684-9F04-BAFEECA1C0EC}.ReleaseNoUI|Any CPU.Build.0 = Release|Any CPU
		{F11795C7-06DD-4684-9F04-BAFEECA1C0EC}.ReleaseNoUI|Mixed Platforms.ActiveCfg = Release|Any CPU
		{F11795C7-06DD-4684-9F04-BAFEECA1C0EC}.ReleaseNoUI|Mixed Platforms.Build.0 = Release|Any CPU
		{F11795C7-06DD-4684-9F04-BAFEECA1C0EC}.ReleaseNoUI|x64.ActiveCfg = Release|Any CPU
		{F11795C7-06DD-4684-9F04-BAFEECA1C0EC}.ReleaseNoUI|x86.ActiveCfg = Release|Any CPU
		{F11795C7-06DD-4684-9F04-BAFEECA1C0EC}.XMLDocument|Any CPU.ActiveCfg = Release|Any CPU
		{F11795C7-06DD-4684-9F04-BAFEECA1C0EC}.XMLDocument|Any CPU.Build.0 = Release|Any CPU
		{F11795C7-06DD-4684-9F04-BAFEECA1C0EC}.XMLDocument|Mixed Platforms.ActiveCfg = Release|Any CPU
		{F11795C7-06DD-4684-9F04-BAFEECA1C0EC}.XMLDocument|Mixed Platforms.Build.0 = Release|Any CPU
		{F11795C7-06DD-4684-9F04-BAFEECA1C0EC}.XMLDocument|x64.ActiveCfg = Release|Any CPU
		{F11795C7-06DD-4684-9F04-BAFEECA1C0EC}.XMLDocument|x86.ActiveCfg = Release|Any CPU
		{58A26DE2-2BAB-4E99-8AD3-B6D8F56747AB}.CodeAnalysis|Any CPU.ActiveCfg = Release|Any CPU
		{58A26DE2-2BAB-4E99-8AD3-B6D8F56747AB}.CodeAnalysis|Any CPU.Build.0 = Release|Any CPU
		{58A26DE2-2BAB-4E99-8AD3-B6D8F56747AB}.CodeAnalysis|Mixed Platforms.ActiveCfg = Release|Any CPU
		{58A26DE2-2BAB-4E99-8AD3-B6D8F56747AB}.CodeAnalysis|Mixed Platforms.Build.0 = Release|Any CPU
		{58A26DE2-2BAB-4E99-8AD3-B6D8F56747AB}.CodeAnalysis|x64.ActiveCfg = Release|Any CPU
		{58A26DE2-2BAB-4E99-8AD3-B6D8F56747AB}.CodeAnalysis|x86.ActiveCfg = Release|Any CPU
		{58A26DE2-2BAB-4E99-8AD3-B6D8F56747AB}.Debug|Any CPU.ActiveCfg = Debug|Any CPU
		{58A26DE2-2BAB-4E99-8AD3-B6D8F56747AB}.Debug|Any CPU.Build.0 = Debug|Any CPU
		{58A26DE2-2BAB-4E99-8AD3-B6D8F56747AB}.Debug|Mixed Platforms.ActiveCfg = Debug|Any CPU
		{58A26DE2-2BAB-4E99-8AD3-B6D8F56747AB}.Debug|Mixed Platforms.Build.0 = Debug|Any CPU
		{58A26DE2-2BAB-4E99-8AD3-B6D8F56747AB}.Debug|x64.ActiveCfg = Debug|Any CPU
		{58A26DE2-2BAB-4E99-8AD3-B6D8F56747AB}.Debug|x86.ActiveCfg = Debug|Any CPU
		{58A26DE2-2BAB-4E99-8AD3-B6D8F56747AB}.MakeDoc|Any CPU.ActiveCfg = Release|Any CPU
		{58A26DE2-2BAB-4E99-8AD3-B6D8F56747AB}.MakeDoc|Any CPU.Build.0 = Release|Any CPU
		{58A26DE2-2BAB-4E99-8AD3-B6D8F56747AB}.MakeDoc|Mixed Platforms.ActiveCfg = Release|Any CPU
		{58A26DE2-2BAB-4E99-8AD3-B6D8F56747AB}.MakeDoc|Mixed Platforms.Build.0 = Release|Any CPU
		{58A26DE2-2BAB-4E99-8AD3-B6D8F56747AB}.MakeDoc|x64.ActiveCfg = Release|Any CPU
		{58A26DE2-2BAB-4E99-8AD3-B6D8F56747AB}.MakeDoc|x86.ActiveCfg = Release|Any CPU
		{58A26DE2-2BAB-4E99-8AD3-B6D8F56747AB}.Release|Any CPU.ActiveCfg = Release|Any CPU
		{58A26DE2-2BAB-4E99-8AD3-B6D8F56747AB}.Release|Any CPU.Build.0 = Release|Any CPU
		{58A26DE2-2BAB-4E99-8AD3-B6D8F56747AB}.Release|Mixed Platforms.ActiveCfg = Release|Any CPU
		{58A26DE2-2BAB-4E99-8AD3-B6D8F56747AB}.Release|Mixed Platforms.Build.0 = Release|Any CPU
		{58A26DE2-2BAB-4E99-8AD3-B6D8F56747AB}.Release|x64.ActiveCfg = Release|Any CPU
		{58A26DE2-2BAB-4E99-8AD3-B6D8F56747AB}.Release|x86.ActiveCfg = Release|Any CPU
		{58A26DE2-2BAB-4E99-8AD3-B6D8F56747AB}.ReleaseNoUI|Any CPU.ActiveCfg = Release|Any CPU
		{58A26DE2-2BAB-4E99-8AD3-B6D8F56747AB}.ReleaseNoUI|Any CPU.Build.0 = Release|Any CPU
		{58A26DE2-2BAB-4E99-8AD3-B6D8F56747AB}.ReleaseNoUI|Mixed Platforms.ActiveCfg = Release|Any CPU
		{58A26DE2-2BAB-4E99-8AD3-B6D8F56747AB}.ReleaseNoUI|Mixed Platforms.Build.0 = Release|Any CPU
		{58A26DE2-2BAB-4E99-8AD3-B6D8F56747AB}.ReleaseNoUI|x64.ActiveCfg = Release|Any CPU
		{58A26DE2-2BAB-4E99-8AD3-B6D8F56747AB}.ReleaseNoUI|x86.ActiveCfg = Release|Any CPU
		{58A26DE2-2BAB-4E99-8AD3-B6D8F56747AB}.XMLDocument|Any CPU.ActiveCfg = Release|Any CPU
		{58A26DE2-2BAB-4E99-8AD3-B6D8F56747AB}.XMLDocument|Any CPU.Build.0 = Release|Any CPU
		{58A26DE2-2BAB-4E99-8AD3-B6D8F56747AB}.XMLDocument|Mixed Platforms.ActiveCfg = Release|Any CPU
		{58A26DE2-2BAB-4E99-8AD3-B6D8F56747AB}.XMLDocument|Mixed Platforms.Build.0 = Release|Any CPU
		{58A26DE2-2BAB-4E99-8AD3-B6D8F56747AB}.XMLDocument|x64.ActiveCfg = Release|Any CPU
		{58A26DE2-2BAB-4E99-8AD3-B6D8F56747AB}.XMLDocument|x86.ActiveCfg = Release|Any CPU
		{DDD13750-8319-406C-BC5F-E430D28258BB}.CodeAnalysis|Any CPU.ActiveCfg = Release|Any CPU
		{DDD13750-8319-406C-BC5F-E430D28258BB}.CodeAnalysis|Any CPU.Build.0 = Release|Any CPU
		{DDD13750-8319-406C-BC5F-E430D28258BB}.CodeAnalysis|Mixed Platforms.ActiveCfg = Release|Any CPU
		{DDD13750-8319-406C-BC5F-E430D28258BB}.CodeAnalysis|Mixed Platforms.Build.0 = Release|Any CPU
		{DDD13750-8319-406C-BC5F-E430D28258BB}.CodeAnalysis|x64.ActiveCfg = Release|Any CPU
		{DDD13750-8319-406C-BC5F-E430D28258BB}.CodeAnalysis|x86.ActiveCfg = Release|Any CPU
		{DDD13750-8319-406C-BC5F-E430D28258BB}.Debug|Any CPU.ActiveCfg = Debug|Any CPU
		{DDD13750-8319-406C-BC5F-E430D28258BB}.Debug|Any CPU.Build.0 = Debug|Any CPU
		{DDD13750-8319-406C-BC5F-E430D28258BB}.Debug|Mixed Platforms.ActiveCfg = Debug|Any CPU
		{DDD13750-8319-406C-BC5F-E430D28258BB}.Debug|Mixed Platforms.Build.0 = Debug|Any CPU
		{DDD13750-8319-406C-BC5F-E430D28258BB}.Debug|x64.ActiveCfg = Debug|Any CPU
		{DDD13750-8319-406C-BC5F-E430D28258BB}.Debug|x86.ActiveCfg = Debug|Any CPU
		{DDD13750-8319-406C-BC5F-E430D28258BB}.MakeDoc|Any CPU.ActiveCfg = Release|Any CPU
		{DDD13750-8319-406C-BC5F-E430D28258BB}.MakeDoc|Any CPU.Build.0 = Release|Any CPU
		{DDD13750-8319-406C-BC5F-E430D28258BB}.MakeDoc|Mixed Platforms.ActiveCfg = Release|Any CPU
		{DDD13750-8319-406C-BC5F-E430D28258BB}.MakeDoc|Mixed Platforms.Build.0 = Release|Any CPU
		{DDD13750-8319-406C-BC5F-E430D28258BB}.MakeDoc|x64.ActiveCfg = Release|Any CPU
		{DDD13750-8319-406C-BC5F-E430D28258BB}.MakeDoc|x86.ActiveCfg = Release|Any CPU
		{DDD13750-8319-406C-BC5F-E430D28258BB}.Release|Any CPU.ActiveCfg = Release|Any CPU
		{DDD13750-8319-406C-BC5F-E430D28258BB}.Release|Any CPU.Build.0 = Release|Any CPU
		{DDD13750-8319-406C-BC5F-E430D28258BB}.Release|Mixed Platforms.ActiveCfg = Release|Any CPU
		{DDD13750-8319-406C-BC5F-E430D28258BB}.Release|Mixed Platforms.Build.0 = Release|Any CPU
		{DDD13750-8319-406C-BC5F-E430D28258BB}.Release|x64.ActiveCfg = Release|Any CPU
		{DDD13750-8319-406C-BC5F-E430D28258BB}.Release|x86.ActiveCfg = Release|Any CPU
		{DDD13750-8319-406C-BC5F-E430D28258BB}.ReleaseNoUI|Any CPU.ActiveCfg = Release|Any CPU
		{DDD13750-8319-406C-BC5F-E430D28258BB}.ReleaseNoUI|Any CPU.Build.0 = Release|Any CPU
		{DDD13750-8319-406C-BC5F-E430D28258BB}.ReleaseNoUI|Mixed Platforms.ActiveCfg = Release|Any CPU
		{DDD13750-8319-406C-BC5F-E430D28258BB}.ReleaseNoUI|Mixed Platforms.Build.0 = Release|Any CPU
		{DDD13750-8319-406C-BC5F-E430D28258BB}.ReleaseNoUI|x64.ActiveCfg = Release|Any CPU
		{DDD13750-8319-406C-BC5F-E430D28258BB}.ReleaseNoUI|x86.ActiveCfg = Release|Any CPU
		{DDD13750-8319-406C-BC5F-E430D28258BB}.XMLDocument|Any CPU.ActiveCfg = Release|Any CPU
		{DDD13750-8319-406C-BC5F-E430D28258BB}.XMLDocument|Any CPU.Build.0 = Release|Any CPU
		{DDD13750-8319-406C-BC5F-E430D28258BB}.XMLDocument|Mixed Platforms.ActiveCfg = Release|Any CPU
		{DDD13750-8319-406C-BC5F-E430D28258BB}.XMLDocument|Mixed Platforms.Build.0 = Release|Any CPU
		{DDD13750-8319-406C-BC5F-E430D28258BB}.XMLDocument|x64.ActiveCfg = Release|Any CPU
		{DDD13750-8319-406C-BC5F-E430D28258BB}.XMLDocument|x86.ActiveCfg = Release|Any CPU
		{E3F064A7-ECEF-46B8-83BD-299E4E8BDF82}.CodeAnalysis|Any CPU.ActiveCfg = Release|Any CPU
		{E3F064A7-ECEF-46B8-83BD-299E4E8BDF82}.CodeAnalysis|Any CPU.Build.0 = Release|Any CPU
		{E3F064A7-ECEF-46B8-83BD-299E4E8BDF82}.CodeAnalysis|Mixed Platforms.ActiveCfg = Release|Any CPU
		{E3F064A7-ECEF-46B8-83BD-299E4E8BDF82}.CodeAnalysis|Mixed Platforms.Build.0 = Release|Any CPU
		{E3F064A7-ECEF-46B8-83BD-299E4E8BDF82}.CodeAnalysis|x64.ActiveCfg = Release|Any CPU
		{E3F064A7-ECEF-46B8-83BD-299E4E8BDF82}.CodeAnalysis|x86.ActiveCfg = Release|Any CPU
		{E3F064A7-ECEF-46B8-83BD-299E4E8BDF82}.Debug|Any CPU.ActiveCfg = Debug|Any CPU
		{E3F064A7-ECEF-46B8-83BD-299E4E8BDF82}.Debug|Any CPU.Build.0 = Debug|Any CPU
		{E3F064A7-ECEF-46B8-83BD-299E4E8BDF82}.Debug|Mixed Platforms.ActiveCfg = Debug|Any CPU
		{E3F064A7-ECEF-46B8-83BD-299E4E8BDF82}.Debug|Mixed Platforms.Build.0 = Debug|Any CPU
		{E3F064A7-ECEF-46B8-83BD-299E4E8BDF82}.Debug|x64.ActiveCfg = Debug|Any CPU
		{E3F064A7-ECEF-46B8-83BD-299E4E8BDF82}.Debug|x86.ActiveCfg = Debug|Any CPU
		{E3F064A7-ECEF-46B8-83BD-299E4E8BDF82}.MakeDoc|Any CPU.ActiveCfg = Release|Any CPU
		{E3F064A7-ECEF-46B8-83BD-299E4E8BDF82}.MakeDoc|Any CPU.Build.0 = Release|Any CPU
		{E3F064A7-ECEF-46B8-83BD-299E4E8BDF82}.MakeDoc|Mixed Platforms.ActiveCfg = Release|Any CPU
		{E3F064A7-ECEF-46B8-83BD-299E4E8BDF82}.MakeDoc|Mixed Platforms.Build.0 = Release|Any CPU
		{E3F064A7-ECEF-46B8-83BD-299E4E8BDF82}.MakeDoc|x64.ActiveCfg = Release|Any CPU
		{E3F064A7-ECEF-46B8-83BD-299E4E8BDF82}.MakeDoc|x86.ActiveCfg = Release|Any CPU
		{E3F064A7-ECEF-46B8-83BD-299E4E8BDF82}.Release|Any CPU.ActiveCfg = Release|Any CPU
		{E3F064A7-ECEF-46B8-83BD-299E4E8BDF82}.Release|Any CPU.Build.0 = Release|Any CPU
		{E3F064A7-ECEF-46B8-83BD-299E4E8BDF82}.Release|Mixed Platforms.ActiveCfg = Release|Any CPU
		{E3F064A7-ECEF-46B8-83BD-299E4E8BDF82}.Release|Mixed Platforms.Build.0 = Release|Any CPU
		{E3F064A7-ECEF-46B8-83BD-299E4E8BDF82}.Release|x64.ActiveCfg = Release|Any CPU
		{E3F064A7-ECEF-46B8-83BD-299E4E8BDF82}.Release|x86.ActiveCfg = Release|Any CPU
		{E3F064A7-ECEF-46B8-83BD-299E4E8BDF82}.ReleaseNoUI|Any CPU.ActiveCfg = Release|Any CPU
		{E3F064A7-ECEF-46B8-83BD-299E4E8BDF82}.ReleaseNoUI|Any CPU.Build.0 = Release|Any CPU
		{E3F064A7-ECEF-46B8-83BD-299E4E8BDF82}.ReleaseNoUI|Mixed Platforms.ActiveCfg = Release|Any CPU
		{E3F064A7-ECEF-46B8-83BD-299E4E8BDF82}.ReleaseNoUI|Mixed Platforms.Build.0 = Release|Any CPU
		{E3F064A7-ECEF-46B8-83BD-299E4E8BDF82}.ReleaseNoUI|x64.ActiveCfg = Release|Any CPU
		{E3F064A7-ECEF-46B8-83BD-299E4E8BDF82}.ReleaseNoUI|x86.ActiveCfg = Release|Any CPU
		{E3F064A7-ECEF-46B8-83BD-299E4E8BDF82}.XMLDocument|Any CPU.ActiveCfg = Release|Any CPU
		{E3F064A7-ECEF-46B8-83BD-299E4E8BDF82}.XMLDocument|Any CPU.Build.0 = Release|Any CPU
		{E3F064A7-ECEF-46B8-83BD-299E4E8BDF82}.XMLDocument|Mixed Platforms.ActiveCfg = Release|Any CPU
		{E3F064A7-ECEF-46B8-83BD-299E4E8BDF82}.XMLDocument|Mixed Platforms.Build.0 = Release|Any CPU
		{E3F064A7-ECEF-46B8-83BD-299E4E8BDF82}.XMLDocument|x64.ActiveCfg = Release|Any CPU
		{E3F064A7-ECEF-46B8-83BD-299E4E8BDF82}.XMLDocument|x86.ActiveCfg = Release|Any CPU
		{CE304F35-FABF-4A24-AC48-5710670A82BE}.CodeAnalysis|Any CPU.ActiveCfg = Debug|Any CPU
		{CE304F35-FABF-4A24-AC48-5710670A82BE}.CodeAnalysis|Any CPU.Build.0 = Debug|Any CPU
		{CE304F35-FABF-4A24-AC48-5710670A82BE}.CodeAnalysis|Mixed Platforms.ActiveCfg = Debug|Any CPU
		{CE304F35-FABF-4A24-AC48-5710670A82BE}.CodeAnalysis|Mixed Platforms.Build.0 = Debug|Any CPU
		{CE304F35-FABF-4A24-AC48-5710670A82BE}.CodeAnalysis|x64.ActiveCfg = Debug|Any CPU
		{CE304F35-FABF-4A24-AC48-5710670A82BE}.CodeAnalysis|x86.ActiveCfg = Debug|Any CPU
		{CE304F35-FABF-4A24-AC48-5710670A82BE}.Debug|Any CPU.ActiveCfg = Debug|Any CPU
		{CE304F35-FABF-4A24-AC48-5710670A82BE}.Debug|Any CPU.Build.0 = Debug|Any CPU
		{CE304F35-FABF-4A24-AC48-5710670A82BE}.Debug|Mixed Platforms.ActiveCfg = Debug|Any CPU
		{CE304F35-FABF-4A24-AC48-5710670A82BE}.Debug|Mixed Platforms.Build.0 = Debug|Any CPU
		{CE304F35-FABF-4A24-AC48-5710670A82BE}.Debug|x64.ActiveCfg = Debug|x64
		{CE304F35-FABF-4A24-AC48-5710670A82BE}.Debug|x64.Build.0 = Debug|x64
		{CE304F35-FABF-4A24-AC48-5710670A82BE}.Debug|x86.ActiveCfg = Debug|x64
		{CE304F35-FABF-4A24-AC48-5710670A82BE}.MakeDoc|Any CPU.ActiveCfg = Debug|Any CPU
		{CE304F35-FABF-4A24-AC48-5710670A82BE}.MakeDoc|Any CPU.Build.0 = Debug|Any CPU
		{CE304F35-FABF-4A24-AC48-5710670A82BE}.MakeDoc|Mixed Platforms.ActiveCfg = Debug|Any CPU
		{CE304F35-FABF-4A24-AC48-5710670A82BE}.MakeDoc|Mixed Platforms.Build.0 = Debug|Any CPU
		{CE304F35-FABF-4A24-AC48-5710670A82BE}.MakeDoc|x64.ActiveCfg = Debug|Any CPU
		{CE304F35-FABF-4A24-AC48-5710670A82BE}.MakeDoc|x86.ActiveCfg = Debug|Any CPU
		{CE304F35-FABF-4A24-AC48-5710670A82BE}.Release|Any CPU.ActiveCfg = Release|Any CPU
		{CE304F35-FABF-4A24-AC48-5710670A82BE}.Release|Any CPU.Build.0 = Release|Any CPU
		{CE304F35-FABF-4A24-AC48-5710670A82BE}.Release|Mixed Platforms.ActiveCfg = Release|Any CPU
		{CE304F35-FABF-4A24-AC48-5710670A82BE}.Release|Mixed Platforms.Build.0 = Release|Any CPU
		{CE304F35-FABF-4A24-AC48-5710670A82BE}.Release|x64.ActiveCfg = Release|x64
		{CE304F35-FABF-4A24-AC48-5710670A82BE}.Release|x64.Build.0 = Release|x64
		{CE304F35-FABF-4A24-AC48-5710670A82BE}.Release|x86.ActiveCfg = Release|x64
		{CE304F35-FABF-4A24-AC48-5710670A82BE}.ReleaseNoUI|Any CPU.ActiveCfg = Release|Any CPU
		{CE304F35-FABF-4A24-AC48-5710670A82BE}.ReleaseNoUI|Any CPU.Build.0 = Release|Any CPU
		{CE304F35-FABF-4A24-AC48-5710670A82BE}.ReleaseNoUI|Mixed Platforms.ActiveCfg = Release|Any CPU
		{CE304F35-FABF-4A24-AC48-5710670A82BE}.ReleaseNoUI|Mixed Platforms.Build.0 = Release|Any CPU
		{CE304F35-FABF-4A24-AC48-5710670A82BE}.ReleaseNoUI|x64.ActiveCfg = Release|Any CPU
		{CE304F35-FABF-4A24-AC48-5710670A82BE}.ReleaseNoUI|x86.ActiveCfg = Release|Any CPU
		{CE304F35-FABF-4A24-AC48-5710670A82BE}.XMLDocument|Any CPU.ActiveCfg = Debug|Any CPU
		{CE304F35-FABF-4A24-AC48-5710670A82BE}.XMLDocument|Any CPU.Build.0 = Debug|Any CPU
		{CE304F35-FABF-4A24-AC48-5710670A82BE}.XMLDocument|Mixed Platforms.ActiveCfg = Debug|Any CPU
		{CE304F35-FABF-4A24-AC48-5710670A82BE}.XMLDocument|Mixed Platforms.Build.0 = Debug|Any CPU
		{CE304F35-FABF-4A24-AC48-5710670A82BE}.XMLDocument|x64.ActiveCfg = Debug|Any CPU
		{CE304F35-FABF-4A24-AC48-5710670A82BE}.XMLDocument|x86.ActiveCfg = Debug|Any CPU
		{7AC63864-7638-41C4-969C-D3197EF2BED9}.CodeAnalysis|Any CPU.ActiveCfg = Release|Any CPU
		{7AC63864-7638-41C4-969C-D3197EF2BED9}.CodeAnalysis|Any CPU.Build.0 = Release|Any CPU
		{7AC63864-7638-41C4-969C-D3197EF2BED9}.CodeAnalysis|Mixed Platforms.ActiveCfg = Release|Any CPU
		{7AC63864-7638-41C4-969C-D3197EF2BED9}.CodeAnalysis|Mixed Platforms.Build.0 = Release|Any CPU
		{7AC63864-7638-41C4-969C-D3197EF2BED9}.CodeAnalysis|x64.ActiveCfg = Release|Any CPU
		{7AC63864-7638-41C4-969C-D3197EF2BED9}.CodeAnalysis|x86.ActiveCfg = Release|Any CPU
		{7AC63864-7638-41C4-969C-D3197EF2BED9}.Debug|Any CPU.ActiveCfg = Debug|Any CPU
		{7AC63864-7638-41C4-969C-D3197EF2BED9}.Debug|Any CPU.Build.0 = Debug|Any CPU
		{7AC63864-7638-41C4-969C-D3197EF2BED9}.Debug|Mixed Platforms.ActiveCfg = Debug|Any CPU
		{7AC63864-7638-41C4-969C-D3197EF2BED9}.Debug|Mixed Platforms.Build.0 = Debug|Any CPU
		{7AC63864-7638-41C4-969C-D3197EF2BED9}.Debug|x64.ActiveCfg = Debug|Any CPU
		{7AC63864-7638-41C4-969C-D3197EF2BED9}.Debug|x86.ActiveCfg = Debug|Any CPU
		{7AC63864-7638-41C4-969C-D3197EF2BED9}.MakeDoc|Any CPU.ActiveCfg = Release|Any CPU
		{7AC63864-7638-41C4-969C-D3197EF2BED9}.MakeDoc|Any CPU.Build.0 = Release|Any CPU
		{7AC63864-7638-41C4-969C-D3197EF2BED9}.MakeDoc|Mixed Platforms.ActiveCfg = Release|Any CPU
		{7AC63864-7638-41C4-969C-D3197EF2BED9}.MakeDoc|Mixed Platforms.Build.0 = Release|Any CPU
		{7AC63864-7638-41C4-969C-D3197EF2BED9}.MakeDoc|x64.ActiveCfg = Release|Any CPU
		{7AC63864-7638-41C4-969C-D3197EF2BED9}.MakeDoc|x86.ActiveCfg = Release|Any CPU
		{7AC63864-7638-41C4-969C-D3197EF2BED9}.Release|Any CPU.ActiveCfg = Release|Any CPU
		{7AC63864-7638-41C4-969C-D3197EF2BED9}.Release|Any CPU.Build.0 = Release|Any CPU
		{7AC63864-7638-41C4-969C-D3197EF2BED9}.Release|Mixed Platforms.ActiveCfg = Release|Any CPU
		{7AC63864-7638-41C4-969C-D3197EF2BED9}.Release|Mixed Platforms.Build.0 = Release|Any CPU
		{7AC63864-7638-41C4-969C-D3197EF2BED9}.Release|x64.ActiveCfg = Release|Any CPU
		{7AC63864-7638-41C4-969C-D3197EF2BED9}.Release|x86.ActiveCfg = Release|Any CPU
		{7AC63864-7638-41C4-969C-D3197EF2BED9}.ReleaseNoUI|Any CPU.ActiveCfg = Release|Any CPU
		{7AC63864-7638-41C4-969C-D3197EF2BED9}.ReleaseNoUI|Any CPU.Build.0 = Release|Any CPU
		{7AC63864-7638-41C4-969C-D3197EF2BED9}.ReleaseNoUI|Mixed Platforms.ActiveCfg = Release|Any CPU
		{7AC63864-7638-41C4-969C-D3197EF2BED9}.ReleaseNoUI|Mixed Platforms.Build.0 = Release|Any CPU
		{7AC63864-7638-41C4-969C-D3197EF2BED9}.ReleaseNoUI|x64.ActiveCfg = Release|Any CPU
		{7AC63864-7638-41C4-969C-D3197EF2BED9}.ReleaseNoUI|x86.ActiveCfg = Release|Any CPU
		{7AC63864-7638-41C4-969C-D3197EF2BED9}.XMLDocument|Any CPU.ActiveCfg = Release|Any CPU
		{7AC63864-7638-41C4-969C-D3197EF2BED9}.XMLDocument|Any CPU.Build.0 = Release|Any CPU
		{7AC63864-7638-41C4-969C-D3197EF2BED9}.XMLDocument|Mixed Platforms.ActiveCfg = Release|Any CPU
		{7AC63864-7638-41C4-969C-D3197EF2BED9}.XMLDocument|Mixed Platforms.Build.0 = Release|Any CPU
		{7AC63864-7638-41C4-969C-D3197EF2BED9}.XMLDocument|x64.ActiveCfg = Release|Any CPU
		{7AC63864-7638-41C4-969C-D3197EF2BED9}.XMLDocument|x86.ActiveCfg = Release|Any CPU
		{8271707D-0C08-460D-A332-6FDB8D0BB6D1}.CodeAnalysis|Any CPU.ActiveCfg = Release|Any CPU
		{8271707D-0C08-460D-A332-6FDB8D0BB6D1}.CodeAnalysis|Any CPU.Build.0 = Release|Any CPU
		{8271707D-0C08-460D-A332-6FDB8D0BB6D1}.CodeAnalysis|Mixed Platforms.ActiveCfg = Release|Any CPU
		{8271707D-0C08-460D-A332-6FDB8D0BB6D1}.CodeAnalysis|Mixed Platforms.Build.0 = Release|Any CPU
		{8271707D-0C08-460D-A332-6FDB8D0BB6D1}.CodeAnalysis|x64.ActiveCfg = Release|Any CPU
		{8271707D-0C08-460D-A332-6FDB8D0BB6D1}.CodeAnalysis|x86.ActiveCfg = Release|Any CPU
		{8271707D-0C08-460D-A332-6FDB8D0BB6D1}.Debug|Any CPU.ActiveCfg = Debug|Any CPU
		{8271707D-0C08-460D-A332-6FDB8D0BB6D1}.Debug|Any CPU.Build.0 = Debug|Any CPU
		{8271707D-0C08-460D-A332-6FDB8D0BB6D1}.Debug|Mixed Platforms.ActiveCfg = Debug|Any CPU
		{8271707D-0C08-460D-A332-6FDB8D0BB6D1}.Debug|Mixed Platforms.Build.0 = Debug|Any CPU
		{8271707D-0C08-460D-A332-6FDB8D0BB6D1}.Debug|x64.ActiveCfg = Debug|Any CPU
		{8271707D-0C08-460D-A332-6FDB8D0BB6D1}.Debug|x86.ActiveCfg = Debug|Any CPU
		{8271707D-0C08-460D-A332-6FDB8D0BB6D1}.MakeDoc|Any CPU.ActiveCfg = Release|Any CPU
		{8271707D-0C08-460D-A332-6FDB8D0BB6D1}.MakeDoc|Any CPU.Build.0 = Release|Any CPU
		{8271707D-0C08-460D-A332-6FDB8D0BB6D1}.MakeDoc|Mixed Platforms.ActiveCfg = Release|Any CPU
		{8271707D-0C08-460D-A332-6FDB8D0BB6D1}.MakeDoc|Mixed Platforms.Build.0 = Release|Any CPU
		{8271707D-0C08-460D-A332-6FDB8D0BB6D1}.MakeDoc|x64.ActiveCfg = Release|Any CPU
		{8271707D-0C08-460D-A332-6FDB8D0BB6D1}.MakeDoc|x86.ActiveCfg = Release|Any CPU
		{8271707D-0C08-460D-A332-6FDB8D0BB6D1}.Release|Any CPU.ActiveCfg = Release|Any CPU
		{8271707D-0C08-460D-A332-6FDB8D0BB6D1}.Release|Any CPU.Build.0 = Release|Any CPU
		{8271707D-0C08-460D-A332-6FDB8D0BB6D1}.Release|Mixed Platforms.ActiveCfg = Release|Any CPU
		{8271707D-0C08-460D-A332-6FDB8D0BB6D1}.Release|Mixed Platforms.Build.0 = Release|Any CPU
		{8271707D-0C08-460D-A332-6FDB8D0BB6D1}.Release|x64.ActiveCfg = Release|Any CPU
		{8271707D-0C08-460D-A332-6FDB8D0BB6D1}.Release|x86.ActiveCfg = Release|Any CPU
		{8271707D-0C08-460D-A332-6FDB8D0BB6D1}.ReleaseNoUI|Any CPU.ActiveCfg = Release|Any CPU
		{8271707D-0C08-460D-A332-6FDB8D0BB6D1}.ReleaseNoUI|Any CPU.Build.0 = Release|Any CPU
		{8271707D-0C08-460D-A332-6FDB8D0BB6D1}.ReleaseNoUI|Mixed Platforms.ActiveCfg = Release|Any CPU
		{8271707D-0C08-460D-A332-6FDB8D0BB6D1}.ReleaseNoUI|Mixed Platforms.Build.0 = Release|Any CPU
		{8271707D-0C08-460D-A332-6FDB8D0BB6D1}.ReleaseNoUI|x64.ActiveCfg = Release|Any CPU
		{8271707D-0C08-460D-A332-6FDB8D0BB6D1}.ReleaseNoUI|x86.ActiveCfg = Release|Any CPU
		{8271707D-0C08-460D-A332-6FDB8D0BB6D1}.XMLDocument|Any CPU.ActiveCfg = Release|Any CPU
		{8271707D-0C08-460D-A332-6FDB8D0BB6D1}.XMLDocument|Any CPU.Build.0 = Release|Any CPU
		{8271707D-0C08-460D-A332-6FDB8D0BB6D1}.XMLDocument|Mixed Platforms.ActiveCfg = Release|Any CPU
		{8271707D-0C08-460D-A332-6FDB8D0BB6D1}.XMLDocument|Mixed Platforms.Build.0 = Release|Any CPU
		{8271707D-0C08-460D-A332-6FDB8D0BB6D1}.XMLDocument|x64.ActiveCfg = Release|Any CPU
		{8271707D-0C08-460D-A332-6FDB8D0BB6D1}.XMLDocument|x86.ActiveCfg = Release|Any CPU
		{BA852758-6682-4878-906A-917A1E75DE16}.CodeAnalysis|Any CPU.ActiveCfg = Release|Any CPU
		{BA852758-6682-4878-906A-917A1E75DE16}.CodeAnalysis|Any CPU.Build.0 = Release|Any CPU
		{BA852758-6682-4878-906A-917A1E75DE16}.CodeAnalysis|Mixed Platforms.ActiveCfg = Release|Any CPU
		{BA852758-6682-4878-906A-917A1E75DE16}.CodeAnalysis|Mixed Platforms.Build.0 = Release|Any CPU
		{BA852758-6682-4878-906A-917A1E75DE16}.CodeAnalysis|x64.ActiveCfg = Release|Any CPU
		{BA852758-6682-4878-906A-917A1E75DE16}.CodeAnalysis|x86.ActiveCfg = Release|Any CPU
		{BA852758-6682-4878-906A-917A1E75DE16}.Debug|Any CPU.ActiveCfg = Debug|Any CPU
		{BA852758-6682-4878-906A-917A1E75DE16}.Debug|Any CPU.Build.0 = Debug|Any CPU
		{BA852758-6682-4878-906A-917A1E75DE16}.Debug|Mixed Platforms.ActiveCfg = Debug|Any CPU
		{BA852758-6682-4878-906A-917A1E75DE16}.Debug|Mixed Platforms.Build.0 = Debug|Any CPU
		{BA852758-6682-4878-906A-917A1E75DE16}.Debug|x64.ActiveCfg = Debug|Any CPU
		{BA852758-6682-4878-906A-917A1E75DE16}.Debug|x86.ActiveCfg = Debug|Any CPU
		{BA852758-6682-4878-906A-917A1E75DE16}.MakeDoc|Any CPU.ActiveCfg = Release|Any CPU
		{BA852758-6682-4878-906A-917A1E75DE16}.MakeDoc|Any CPU.Build.0 = Release|Any CPU
		{BA852758-6682-4878-906A-917A1E75DE16}.MakeDoc|Mixed Platforms.ActiveCfg = Release|Any CPU
		{BA852758-6682-4878-906A-917A1E75DE16}.MakeDoc|Mixed Platforms.Build.0 = Release|Any CPU
		{BA852758-6682-4878-906A-917A1E75DE16}.MakeDoc|x64.ActiveCfg = Release|Any CPU
		{BA852758-6682-4878-906A-917A1E75DE16}.MakeDoc|x86.ActiveCfg = Release|Any CPU
		{BA852758-6682-4878-906A-917A1E75DE16}.Release|Any CPU.ActiveCfg = Release|Any CPU
		{BA852758-6682-4878-906A-917A1E75DE16}.Release|Any CPU.Build.0 = Release|Any CPU
		{BA852758-6682-4878-906A-917A1E75DE16}.Release|Mixed Platforms.ActiveCfg = Release|Any CPU
		{BA852758-6682-4878-906A-917A1E75DE16}.Release|Mixed Platforms.Build.0 = Release|Any CPU
		{BA852758-6682-4878-906A-917A1E75DE16}.Release|x64.ActiveCfg = Release|Any CPU
		{BA852758-6682-4878-906A-917A1E75DE16}.Release|x86.ActiveCfg = Release|Any CPU
		{BA852758-6682-4878-906A-917A1E75DE16}.ReleaseNoUI|Any CPU.ActiveCfg = Release|Any CPU
		{BA852758-6682-4878-906A-917A1E75DE16}.ReleaseNoUI|Any CPU.Build.0 = Release|Any CPU
		{BA852758-6682-4878-906A-917A1E75DE16}.ReleaseNoUI|Mixed Platforms.ActiveCfg = Release|Any CPU
		{BA852758-6682-4878-906A-917A1E75DE16}.ReleaseNoUI|Mixed Platforms.Build.0 = Release|Any CPU
		{BA852758-6682-4878-906A-917A1E75DE16}.ReleaseNoUI|x64.ActiveCfg = Release|Any CPU
		{BA852758-6682-4878-906A-917A1E75DE16}.ReleaseNoUI|x86.ActiveCfg = Release|Any CPU
		{BA852758-6682-4878-906A-917A1E75DE16}.XMLDocument|Any CPU.ActiveCfg = Release|Any CPU
		{BA852758-6682-4878-906A-917A1E75DE16}.XMLDocument|Any CPU.Build.0 = Release|Any CPU
		{BA852758-6682-4878-906A-917A1E75DE16}.XMLDocument|Mixed Platforms.ActiveCfg = Release|Any CPU
		{BA852758-6682-4878-906A-917A1E75DE16}.XMLDocument|Mixed Platforms.Build.0 = Release|Any CPU
		{BA852758-6682-4878-906A-917A1E75DE16}.XMLDocument|x64.ActiveCfg = Release|Any CPU
		{BA852758-6682-4878-906A-917A1E75DE16}.XMLDocument|x86.ActiveCfg = Release|Any CPU
		{1BD32C0F-5FDE-4913-AEED-13840ACBF4E0}.CodeAnalysis|Any CPU.ActiveCfg = Release|Any CPU
		{1BD32C0F-5FDE-4913-AEED-13840ACBF4E0}.CodeAnalysis|Any CPU.Build.0 = Release|Any CPU
		{1BD32C0F-5FDE-4913-AEED-13840ACBF4E0}.CodeAnalysis|Mixed Platforms.ActiveCfg = Release|Any CPU
		{1BD32C0F-5FDE-4913-AEED-13840ACBF4E0}.CodeAnalysis|Mixed Platforms.Build.0 = Release|Any CPU
		{1BD32C0F-5FDE-4913-AEED-13840ACBF4E0}.CodeAnalysis|x64.ActiveCfg = Release|Any CPU
		{1BD32C0F-5FDE-4913-AEED-13840ACBF4E0}.CodeAnalysis|x86.ActiveCfg = Release|Any CPU
		{1BD32C0F-5FDE-4913-AEED-13840ACBF4E0}.Debug|Any CPU.ActiveCfg = Debug|Any CPU
		{1BD32C0F-5FDE-4913-AEED-13840ACBF4E0}.Debug|Any CPU.Build.0 = Debug|Any CPU
		{1BD32C0F-5FDE-4913-AEED-13840ACBF4E0}.Debug|Mixed Platforms.ActiveCfg = Debug|Any CPU
		{1BD32C0F-5FDE-4913-AEED-13840ACBF4E0}.Debug|Mixed Platforms.Build.0 = Debug|Any CPU
		{1BD32C0F-5FDE-4913-AEED-13840ACBF4E0}.Debug|x64.ActiveCfg = Debug|Any CPU
		{1BD32C0F-5FDE-4913-AEED-13840ACBF4E0}.Debug|x86.ActiveCfg = Debug|Any CPU
		{1BD32C0F-5FDE-4913-AEED-13840ACBF4E0}.MakeDoc|Any CPU.ActiveCfg = Release|Any CPU
		{1BD32C0F-5FDE-4913-AEED-13840ACBF4E0}.MakeDoc|Any CPU.Build.0 = Release|Any CPU
		{1BD32C0F-5FDE-4913-AEED-13840ACBF4E0}.MakeDoc|Mixed Platforms.ActiveCfg = Release|Any CPU
		{1BD32C0F-5FDE-4913-AEED-13840ACBF4E0}.MakeDoc|Mixed Platforms.Build.0 = Release|Any CPU
		{1BD32C0F-5FDE-4913-AEED-13840ACBF4E0}.MakeDoc|x64.ActiveCfg = Release|Any CPU
		{1BD32C0F-5FDE-4913-AEED-13840ACBF4E0}.MakeDoc|x86.ActiveCfg = Release|Any CPU
		{1BD32C0F-5FDE-4913-AEED-13840ACBF4E0}.Release|Any CPU.ActiveCfg = Release|Any CPU
		{1BD32C0F-5FDE-4913-AEED-13840ACBF4E0}.Release|Any CPU.Build.0 = Release|Any CPU
		{1BD32C0F-5FDE-4913-AEED-13840ACBF4E0}.Release|Mixed Platforms.ActiveCfg = Release|Any CPU
		{1BD32C0F-5FDE-4913-AEED-13840ACBF4E0}.Release|Mixed Platforms.Build.0 = Release|Any CPU
		{1BD32C0F-5FDE-4913-AEED-13840ACBF4E0}.Release|x64.ActiveCfg = Release|Any CPU
		{1BD32C0F-5FDE-4913-AEED-13840ACBF4E0}.Release|x86.ActiveCfg = Release|Any CPU
		{1BD32C0F-5FDE-4913-AEED-13840ACBF4E0}.ReleaseNoUI|Any CPU.ActiveCfg = Release|Any CPU
		{1BD32C0F-5FDE-4913-AEED-13840ACBF4E0}.ReleaseNoUI|Any CPU.Build.0 = Release|Any CPU
		{1BD32C0F-5FDE-4913-AEED-13840ACBF4E0}.ReleaseNoUI|Mixed Platforms.ActiveCfg = Release|Any CPU
		{1BD32C0F-5FDE-4913-AEED-13840ACBF4E0}.ReleaseNoUI|Mixed Platforms.Build.0 = Release|Any CPU
		{1BD32C0F-5FDE-4913-AEED-13840ACBF4E0}.ReleaseNoUI|x64.ActiveCfg = Release|Any CPU
		{1BD32C0F-5FDE-4913-AEED-13840ACBF4E0}.ReleaseNoUI|x86.ActiveCfg = Release|Any CPU
		{1BD32C0F-5FDE-4913-AEED-13840ACBF4E0}.XMLDocument|Any CPU.ActiveCfg = Release|Any CPU
		{1BD32C0F-5FDE-4913-AEED-13840ACBF4E0}.XMLDocument|Any CPU.Build.0 = Release|Any CPU
		{1BD32C0F-5FDE-4913-AEED-13840ACBF4E0}.XMLDocument|Mixed Platforms.ActiveCfg = Release|Any CPU
		{1BD32C0F-5FDE-4913-AEED-13840ACBF4E0}.XMLDocument|Mixed Platforms.Build.0 = Release|Any CPU
		{1BD32C0F-5FDE-4913-AEED-13840ACBF4E0}.XMLDocument|x64.ActiveCfg = Release|Any CPU
		{1BD32C0F-5FDE-4913-AEED-13840ACBF4E0}.XMLDocument|x86.ActiveCfg = Release|Any CPU
		{356E2223-5754-4233-A0C4-65CA58EA68AA}.CodeAnalysis|Any CPU.ActiveCfg = Release|x86
		{356E2223-5754-4233-A0C4-65CA58EA68AA}.CodeAnalysis|Mixed Platforms.ActiveCfg = Release|x86
		{356E2223-5754-4233-A0C4-65CA58EA68AA}.CodeAnalysis|Mixed Platforms.Build.0 = Release|x86
		{356E2223-5754-4233-A0C4-65CA58EA68AA}.CodeAnalysis|x64.ActiveCfg = Release|x86
		{356E2223-5754-4233-A0C4-65CA58EA68AA}.CodeAnalysis|x86.ActiveCfg = Release|x86
		{356E2223-5754-4233-A0C4-65CA58EA68AA}.CodeAnalysis|x86.Build.0 = Release|x86
		{356E2223-5754-4233-A0C4-65CA58EA68AA}.Debug|Any CPU.ActiveCfg = Debug|x86
		{356E2223-5754-4233-A0C4-65CA58EA68AA}.Debug|Mixed Platforms.ActiveCfg = Debug|x86
		{356E2223-5754-4233-A0C4-65CA58EA68AA}.Debug|Mixed Platforms.Build.0 = Debug|x86
		{356E2223-5754-4233-A0C4-65CA58EA68AA}.Debug|x64.ActiveCfg = Debug|x86
		{356E2223-5754-4233-A0C4-65CA58EA68AA}.Debug|x86.ActiveCfg = Debug|x86
		{356E2223-5754-4233-A0C4-65CA58EA68AA}.Debug|x86.Build.0 = Debug|x86
		{356E2223-5754-4233-A0C4-65CA58EA68AA}.MakeDoc|Any CPU.ActiveCfg = Release|x86
		{356E2223-5754-4233-A0C4-65CA58EA68AA}.MakeDoc|Mixed Platforms.ActiveCfg = Release|x86
		{356E2223-5754-4233-A0C4-65CA58EA68AA}.MakeDoc|Mixed Platforms.Build.0 = Release|x86
		{356E2223-5754-4233-A0C4-65CA58EA68AA}.MakeDoc|x64.ActiveCfg = Release|x86
		{356E2223-5754-4233-A0C4-65CA58EA68AA}.MakeDoc|x86.ActiveCfg = Release|x86
		{356E2223-5754-4233-A0C4-65CA58EA68AA}.MakeDoc|x86.Build.0 = Release|x86
		{356E2223-5754-4233-A0C4-65CA58EA68AA}.Release|Any CPU.ActiveCfg = Release|x86
		{356E2223-5754-4233-A0C4-65CA58EA68AA}.Release|Mixed Platforms.ActiveCfg = Release|x86
		{356E2223-5754-4233-A0C4-65CA58EA68AA}.Release|Mixed Platforms.Build.0 = Release|x86
		{356E2223-5754-4233-A0C4-65CA58EA68AA}.Release|x64.ActiveCfg = Release|x86
		{356E2223-5754-4233-A0C4-65CA58EA68AA}.Release|x86.ActiveCfg = Release|x86
		{356E2223-5754-4233-A0C4-65CA58EA68AA}.Release|x86.Build.0 = Release|x86
		{356E2223-5754-4233-A0C4-65CA58EA68AA}.ReleaseNoUI|Any CPU.ActiveCfg = Release|x86
		{356E2223-5754-4233-A0C4-65CA58EA68AA}.ReleaseNoUI|Mixed Platforms.ActiveCfg = Release|x86
		{356E2223-5754-4233-A0C4-65CA58EA68AA}.ReleaseNoUI|Mixed Platforms.Build.0 = Release|x86
		{356E2223-5754-4233-A0C4-65CA58EA68AA}.ReleaseNoUI|x64.ActiveCfg = Release|x86
		{356E2223-5754-4233-A0C4-65CA58EA68AA}.ReleaseNoUI|x86.ActiveCfg = Release|x86
		{356E2223-5754-4233-A0C4-65CA58EA68AA}.ReleaseNoUI|x86.Build.0 = Release|x86
		{356E2223-5754-4233-A0C4-65CA58EA68AA}.XMLDocument|Any CPU.ActiveCfg = Release|x86
		{356E2223-5754-4233-A0C4-65CA58EA68AA}.XMLDocument|Mixed Platforms.ActiveCfg = Release|x86
		{356E2223-5754-4233-A0C4-65CA58EA68AA}.XMLDocument|Mixed Platforms.Build.0 = Release|x86
		{356E2223-5754-4233-A0C4-65CA58EA68AA}.XMLDocument|x64.ActiveCfg = Release|x86
		{356E2223-5754-4233-A0C4-65CA58EA68AA}.XMLDocument|x86.ActiveCfg = Release|x86
		{356E2223-5754-4233-A0C4-65CA58EA68AA}.XMLDocument|x86.Build.0 = Release|x86
		{6A45921D-BABB-49AE-BC53-D25D421C4B8B}.CodeAnalysis|Any CPU.ActiveCfg = Release|x86
		{6A45921D-BABB-49AE-BC53-D25D421C4B8B}.CodeAnalysis|Mixed Platforms.ActiveCfg = Release|x86
		{6A45921D-BABB-49AE-BC53-D25D421C4B8B}.CodeAnalysis|Mixed Platforms.Build.0 = Release|x86
		{6A45921D-BABB-49AE-BC53-D25D421C4B8B}.CodeAnalysis|x64.ActiveCfg = Release|x86
		{6A45921D-BABB-49AE-BC53-D25D421C4B8B}.CodeAnalysis|x86.ActiveCfg = Release|x86
		{6A45921D-BABB-49AE-BC53-D25D421C4B8B}.CodeAnalysis|x86.Build.0 = Release|x86
		{6A45921D-BABB-49AE-BC53-D25D421C4B8B}.Debug|Any CPU.ActiveCfg = Debug|x86
		{6A45921D-BABB-49AE-BC53-D25D421C4B8B}.Debug|Mixed Platforms.ActiveCfg = Debug|x86
		{6A45921D-BABB-49AE-BC53-D25D421C4B8B}.Debug|Mixed Platforms.Build.0 = Debug|x86
		{6A45921D-BABB-49AE-BC53-D25D421C4B8B}.Debug|x64.ActiveCfg = Debug|x86
		{6A45921D-BABB-49AE-BC53-D25D421C4B8B}.Debug|x86.ActiveCfg = Debug|x86
		{6A45921D-BABB-49AE-BC53-D25D421C4B8B}.Debug|x86.Build.0 = Debug|x86
		{6A45921D-BABB-49AE-BC53-D25D421C4B8B}.MakeDoc|Any CPU.ActiveCfg = Release|x86
		{6A45921D-BABB-49AE-BC53-D25D421C4B8B}.MakeDoc|Mixed Platforms.ActiveCfg = Release|x86
		{6A45921D-BABB-49AE-BC53-D25D421C4B8B}.MakeDoc|Mixed Platforms.Build.0 = Release|x86
		{6A45921D-BABB-49AE-BC53-D25D421C4B8B}.MakeDoc|x64.ActiveCfg = Release|x86
		{6A45921D-BABB-49AE-BC53-D25D421C4B8B}.MakeDoc|x86.ActiveCfg = Release|x86
		{6A45921D-BABB-49AE-BC53-D25D421C4B8B}.MakeDoc|x86.Build.0 = Release|x86
		{6A45921D-BABB-49AE-BC53-D25D421C4B8B}.Release|Any CPU.ActiveCfg = Release|x86
		{6A45921D-BABB-49AE-BC53-D25D421C4B8B}.Release|Mixed Platforms.ActiveCfg = Release|x86
		{6A45921D-BABB-49AE-BC53-D25D421C4B8B}.Release|Mixed Platforms.Build.0 = Release|x86
		{6A45921D-BABB-49AE-BC53-D25D421C4B8B}.Release|x64.ActiveCfg = Release|x86
		{6A45921D-BABB-49AE-BC53-D25D421C4B8B}.Release|x86.ActiveCfg = Release|x86
		{6A45921D-BABB-49AE-BC53-D25D421C4B8B}.Release|x86.Build.0 = Release|x86
		{6A45921D-BABB-49AE-BC53-D25D421C4B8B}.ReleaseNoUI|Any CPU.ActiveCfg = Release|x86
		{6A45921D-BABB-49AE-BC53-D25D421C4B8B}.ReleaseNoUI|Mixed Platforms.ActiveCfg = Release|x86
		{6A45921D-BABB-49AE-BC53-D25D421C4B8B}.ReleaseNoUI|Mixed Platforms.Build.0 = Release|x86
		{6A45921D-BABB-49AE-BC53-D25D421C4B8B}.ReleaseNoUI|x64.ActiveCfg = Release|x86
		{6A45921D-BABB-49AE-BC53-D25D421C4B8B}.ReleaseNoUI|x86.ActiveCfg = Release|x86
		{6A45921D-BABB-49AE-BC53-D25D421C4B8B}.ReleaseNoUI|x86.Build.0 = Release|x86
		{6A45921D-BABB-49AE-BC53-D25D421C4B8B}.XMLDocument|Any CPU.ActiveCfg = Release|x86
		{6A45921D-BABB-49AE-BC53-D25D421C4B8B}.XMLDocument|Mixed Platforms.ActiveCfg = Release|x86
		{6A45921D-BABB-49AE-BC53-D25D421C4B8B}.XMLDocument|Mixed Platforms.Build.0 = Release|x86
		{6A45921D-BABB-49AE-BC53-D25D421C4B8B}.XMLDocument|x64.ActiveCfg = Release|x86
		{6A45921D-BABB-49AE-BC53-D25D421C4B8B}.XMLDocument|x86.ActiveCfg = Release|x86
		{6A45921D-BABB-49AE-BC53-D25D421C4B8B}.XMLDocument|x86.Build.0 = Release|x86
		{893F9AF0-4AC2-47D3-9C9E-5730B579498B}.CodeAnalysis|Any CPU.ActiveCfg = Release|Any CPU
		{893F9AF0-4AC2-47D3-9C9E-5730B579498B}.CodeAnalysis|Any CPU.Build.0 = Release|Any CPU
		{893F9AF0-4AC2-47D3-9C9E-5730B579498B}.CodeAnalysis|Mixed Platforms.ActiveCfg = Release|Any CPU
		{893F9AF0-4AC2-47D3-9C9E-5730B579498B}.CodeAnalysis|Mixed Platforms.Build.0 = Release|Any CPU
		{893F9AF0-4AC2-47D3-9C9E-5730B579498B}.CodeAnalysis|x64.ActiveCfg = Release|Any CPU
		{893F9AF0-4AC2-47D3-9C9E-5730B579498B}.CodeAnalysis|x86.ActiveCfg = Release|Any CPU
		{893F9AF0-4AC2-47D3-9C9E-5730B579498B}.Debug|Any CPU.ActiveCfg = Debug|Any CPU
		{893F9AF0-4AC2-47D3-9C9E-5730B579498B}.Debug|Any CPU.Build.0 = Debug|Any CPU
		{893F9AF0-4AC2-47D3-9C9E-5730B579498B}.Debug|Mixed Platforms.ActiveCfg = Debug|Any CPU
		{893F9AF0-4AC2-47D3-9C9E-5730B579498B}.Debug|Mixed Platforms.Build.0 = Debug|Any CPU
		{893F9AF0-4AC2-47D3-9C9E-5730B579498B}.Debug|x64.ActiveCfg = Debug|Any CPU
		{893F9AF0-4AC2-47D3-9C9E-5730B579498B}.Debug|x86.ActiveCfg = Debug|Any CPU
		{893F9AF0-4AC2-47D3-9C9E-5730B579498B}.MakeDoc|Any CPU.ActiveCfg = Release|Any CPU
		{893F9AF0-4AC2-47D3-9C9E-5730B579498B}.MakeDoc|Any CPU.Build.0 = Release|Any CPU
		{893F9AF0-4AC2-47D3-9C9E-5730B579498B}.MakeDoc|Mixed Platforms.ActiveCfg = Release|Any CPU
		{893F9AF0-4AC2-47D3-9C9E-5730B579498B}.MakeDoc|Mixed Platforms.Build.0 = Release|Any CPU
		{893F9AF0-4AC2-47D3-9C9E-5730B579498B}.MakeDoc|x64.ActiveCfg = Release|Any CPU
		{893F9AF0-4AC2-47D3-9C9E-5730B579498B}.MakeDoc|x86.ActiveCfg = Release|Any CPU
		{893F9AF0-4AC2-47D3-9C9E-5730B579498B}.Release|Any CPU.ActiveCfg = Release|Any CPU
		{893F9AF0-4AC2-47D3-9C9E-5730B579498B}.Release|Any CPU.Build.0 = Release|Any CPU
		{893F9AF0-4AC2-47D3-9C9E-5730B579498B}.Release|Mixed Platforms.ActiveCfg = Release|Any CPU
		{893F9AF0-4AC2-47D3-9C9E-5730B579498B}.Release|Mixed Platforms.Build.0 = Release|Any CPU
		{893F9AF0-4AC2-47D3-9C9E-5730B579498B}.Release|x64.ActiveCfg = Release|Any CPU
		{893F9AF0-4AC2-47D3-9C9E-5730B579498B}.Release|x86.ActiveCfg = Release|Any CPU
		{893F9AF0-4AC2-47D3-9C9E-5730B579498B}.ReleaseNoUI|Any CPU.ActiveCfg = Release|Any CPU
		{893F9AF0-4AC2-47D3-9C9E-5730B579498B}.ReleaseNoUI|Any CPU.Build.0 = Release|Any CPU
		{893F9AF0-4AC2-47D3-9C9E-5730B579498B}.ReleaseNoUI|Mixed Platforms.ActiveCfg = Release|Any CPU
		{893F9AF0-4AC2-47D3-9C9E-5730B579498B}.ReleaseNoUI|Mixed Platforms.Build.0 = Release|Any CPU
		{893F9AF0-4AC2-47D3-9C9E-5730B579498B}.ReleaseNoUI|x64.ActiveCfg = Release|Any CPU
		{893F9AF0-4AC2-47D3-9C9E-5730B579498B}.ReleaseNoUI|x86.ActiveCfg = Release|Any CPU
		{893F9AF0-4AC2-47D3-9C9E-5730B579498B}.XMLDocument|Any CPU.ActiveCfg = Release|Any CPU
		{893F9AF0-4AC2-47D3-9C9E-5730B579498B}.XMLDocument|Any CPU.Build.0 = Release|Any CPU
		{893F9AF0-4AC2-47D3-9C9E-5730B579498B}.XMLDocument|Mixed Platforms.ActiveCfg = Release|Any CPU
		{893F9AF0-4AC2-47D3-9C9E-5730B579498B}.XMLDocument|Mixed Platforms.Build.0 = Release|Any CPU
		{893F9AF0-4AC2-47D3-9C9E-5730B579498B}.XMLDocument|x64.ActiveCfg = Release|Any CPU
		{893F9AF0-4AC2-47D3-9C9E-5730B579498B}.XMLDocument|x86.ActiveCfg = Release|Any CPU
		{36D57807-F86C-40A6-B538-ABBA4CBE2B01}.CodeAnalysis|Any CPU.ActiveCfg = Release|Any CPU
		{36D57807-F86C-40A6-B538-ABBA4CBE2B01}.CodeAnalysis|Any CPU.Build.0 = Release|Any CPU
		{36D57807-F86C-40A6-B538-ABBA4CBE2B01}.CodeAnalysis|Mixed Platforms.ActiveCfg = Release|Any CPU
		{36D57807-F86C-40A6-B538-ABBA4CBE2B01}.CodeAnalysis|Mixed Platforms.Build.0 = Release|Any CPU
		{36D57807-F86C-40A6-B538-ABBA4CBE2B01}.CodeAnalysis|x64.ActiveCfg = Release|Any CPU
		{36D57807-F86C-40A6-B538-ABBA4CBE2B01}.CodeAnalysis|x86.ActiveCfg = Release|Any CPU
		{36D57807-F86C-40A6-B538-ABBA4CBE2B01}.Debug|Any CPU.ActiveCfg = Debug|Any CPU
		{36D57807-F86C-40A6-B538-ABBA4CBE2B01}.Debug|Any CPU.Build.0 = Debug|Any CPU
		{36D57807-F86C-40A6-B538-ABBA4CBE2B01}.Debug|Mixed Platforms.ActiveCfg = Debug|Any CPU
		{36D57807-F86C-40A6-B538-ABBA4CBE2B01}.Debug|Mixed Platforms.Build.0 = Debug|Any CPU
		{36D57807-F86C-40A6-B538-ABBA4CBE2B01}.Debug|x64.ActiveCfg = Debug|Any CPU
		{36D57807-F86C-40A6-B538-ABBA4CBE2B01}.Debug|x86.ActiveCfg = Debug|Any CPU
		{36D57807-F86C-40A6-B538-ABBA4CBE2B01}.MakeDoc|Any CPU.ActiveCfg = Release|Any CPU
		{36D57807-F86C-40A6-B538-ABBA4CBE2B01}.MakeDoc|Any CPU.Build.0 = Release|Any CPU
		{36D57807-F86C-40A6-B538-ABBA4CBE2B01}.MakeDoc|Mixed Platforms.ActiveCfg = Release|Any CPU
		{36D57807-F86C-40A6-B538-ABBA4CBE2B01}.MakeDoc|Mixed Platforms.Build.0 = Release|Any CPU
		{36D57807-F86C-40A6-B538-ABBA4CBE2B01}.MakeDoc|x64.ActiveCfg = Release|Any CPU
		{36D57807-F86C-40A6-B538-ABBA4CBE2B01}.MakeDoc|x86.ActiveCfg = Release|Any CPU
		{36D57807-F86C-40A6-B538-ABBA4CBE2B01}.Release|Any CPU.ActiveCfg = Release|Any CPU
		{36D57807-F86C-40A6-B538-ABBA4CBE2B01}.Release|Any CPU.Build.0 = Release|Any CPU
		{36D57807-F86C-40A6-B538-ABBA4CBE2B01}.Release|Mixed Platforms.ActiveCfg = Release|Any CPU
		{36D57807-F86C-40A6-B538-ABBA4CBE2B01}.Release|Mixed Platforms.Build.0 = Release|Any CPU
		{36D57807-F86C-40A6-B538-ABBA4CBE2B01}.Release|x64.ActiveCfg = Release|Any CPU
		{36D57807-F86C-40A6-B538-ABBA4CBE2B01}.Release|x86.ActiveCfg = Release|Any CPU
		{36D57807-F86C-40A6-B538-ABBA4CBE2B01}.ReleaseNoUI|Any CPU.ActiveCfg = Release|Any CPU
		{36D57807-F86C-40A6-B538-ABBA4CBE2B01}.ReleaseNoUI|Any CPU.Build.0 = Release|Any CPU
		{36D57807-F86C-40A6-B538-ABBA4CBE2B01}.ReleaseNoUI|Mixed Platforms.ActiveCfg = Release|Any CPU
		{36D57807-F86C-40A6-B538-ABBA4CBE2B01}.ReleaseNoUI|Mixed Platforms.Build.0 = Release|Any CPU
		{36D57807-F86C-40A6-B538-ABBA4CBE2B01}.ReleaseNoUI|x64.ActiveCfg = Release|Any CPU
		{36D57807-F86C-40A6-B538-ABBA4CBE2B01}.ReleaseNoUI|x86.ActiveCfg = Release|Any CPU
		{36D57807-F86C-40A6-B538-ABBA4CBE2B01}.XMLDocument|Any CPU.ActiveCfg = Release|Any CPU
		{36D57807-F86C-40A6-B538-ABBA4CBE2B01}.XMLDocument|Any CPU.Build.0 = Release|Any CPU
		{36D57807-F86C-40A6-B538-ABBA4CBE2B01}.XMLDocument|Mixed Platforms.ActiveCfg = Release|Any CPU
		{36D57807-F86C-40A6-B538-ABBA4CBE2B01}.XMLDocument|Mixed Platforms.Build.0 = Release|Any CPU
		{36D57807-F86C-40A6-B538-ABBA4CBE2B01}.XMLDocument|x64.ActiveCfg = Release|Any CPU
		{36D57807-F86C-40A6-B538-ABBA4CBE2B01}.XMLDocument|x86.ActiveCfg = Release|Any CPU
		{511ED7ED-36BF-43EB-AD00-647886B85725}.CodeAnalysis|Any CPU.ActiveCfg = Release|Any CPU
		{511ED7ED-36BF-43EB-AD00-647886B85725}.CodeAnalysis|Any CPU.Build.0 = Release|Any CPU
		{511ED7ED-36BF-43EB-AD00-647886B85725}.CodeAnalysis|Mixed Platforms.ActiveCfg = Release|Any CPU
		{511ED7ED-36BF-43EB-AD00-647886B85725}.CodeAnalysis|Mixed Platforms.Build.0 = Release|Any CPU
		{511ED7ED-36BF-43EB-AD00-647886B85725}.CodeAnalysis|x64.ActiveCfg = Release|Any CPU
		{511ED7ED-36BF-43EB-AD00-647886B85725}.CodeAnalysis|x86.ActiveCfg = Release|Any CPU
		{511ED7ED-36BF-43EB-AD00-647886B85725}.Debug|Any CPU.ActiveCfg = Debug|Any CPU
		{511ED7ED-36BF-43EB-AD00-647886B85725}.Debug|Any CPU.Build.0 = Debug|Any CPU
		{511ED7ED-36BF-43EB-AD00-647886B85725}.Debug|Mixed Platforms.ActiveCfg = Debug|Any CPU
		{511ED7ED-36BF-43EB-AD00-647886B85725}.Debug|Mixed Platforms.Build.0 = Debug|Any CPU
		{511ED7ED-36BF-43EB-AD00-647886B85725}.Debug|x64.ActiveCfg = Debug|Any CPU
		{511ED7ED-36BF-43EB-AD00-647886B85725}.Debug|x86.ActiveCfg = Debug|Any CPU
		{511ED7ED-36BF-43EB-AD00-647886B85725}.MakeDoc|Any CPU.ActiveCfg = Release|Any CPU
		{511ED7ED-36BF-43EB-AD00-647886B85725}.MakeDoc|Any CPU.Build.0 = Release|Any CPU
		{511ED7ED-36BF-43EB-AD00-647886B85725}.MakeDoc|Mixed Platforms.ActiveCfg = Release|Any CPU
		{511ED7ED-36BF-43EB-AD00-647886B85725}.MakeDoc|Mixed Platforms.Build.0 = Release|Any CPU
		{511ED7ED-36BF-43EB-AD00-647886B85725}.MakeDoc|x64.ActiveCfg = Release|Any CPU
		{511ED7ED-36BF-43EB-AD00-647886B85725}.MakeDoc|x86.ActiveCfg = Release|Any CPU
		{511ED7ED-36BF-43EB-AD00-647886B85725}.Release|Any CPU.ActiveCfg = Release|Any CPU
		{511ED7ED-36BF-43EB-AD00-647886B85725}.Release|Any CPU.Build.0 = Release|Any CPU
		{511ED7ED-36BF-43EB-AD00-647886B85725}.Release|Mixed Platforms.ActiveCfg = Release|Any CPU
		{511ED7ED-36BF-43EB-AD00-647886B85725}.Release|Mixed Platforms.Build.0 = Release|Any CPU
		{511ED7ED-36BF-43EB-AD00-647886B85725}.Release|x64.ActiveCfg = Release|Any CPU
		{511ED7ED-36BF-43EB-AD00-647886B85725}.Release|x86.ActiveCfg = Release|Any CPU
		{511ED7ED-36BF-43EB-AD00-647886B85725}.ReleaseNoUI|Any CPU.ActiveCfg = Release|Any CPU
		{511ED7ED-36BF-43EB-AD00-647886B85725}.ReleaseNoUI|Any CPU.Build.0 = Release|Any CPU
		{511ED7ED-36BF-43EB-AD00-647886B85725}.ReleaseNoUI|Mixed Platforms.ActiveCfg = Release|Any CPU
		{511ED7ED-36BF-43EB-AD00-647886B85725}.ReleaseNoUI|Mixed Platforms.Build.0 = Release|Any CPU
		{511ED7ED-36BF-43EB-AD00-647886B85725}.ReleaseNoUI|x64.ActiveCfg = Release|Any CPU
		{511ED7ED-36BF-43EB-AD00-647886B85725}.ReleaseNoUI|x86.ActiveCfg = Release|Any CPU
		{511ED7ED-36BF-43EB-AD00-647886B85725}.XMLDocument|Any CPU.ActiveCfg = Release|Any CPU
		{511ED7ED-36BF-43EB-AD00-647886B85725}.XMLDocument|Any CPU.Build.0 = Release|Any CPU
		{511ED7ED-36BF-43EB-AD00-647886B85725}.XMLDocument|Mixed Platforms.ActiveCfg = Release|Any CPU
		{511ED7ED-36BF-43EB-AD00-647886B85725}.XMLDocument|Mixed Platforms.Build.0 = Release|Any CPU
		{511ED7ED-36BF-43EB-AD00-647886B85725}.XMLDocument|x64.ActiveCfg = Release|Any CPU
		{511ED7ED-36BF-43EB-AD00-647886B85725}.XMLDocument|x86.ActiveCfg = Release|Any CPU
	EndGlobalSection
	GlobalSection(SolutionProperties) = preSolution
		HideSolutionNode = FALSE
	EndGlobalSection
EndGlobal
