
Microsoft Visual Studio Solution File, Format Version 11.00
# Visual Studio 2010
Project("{FAE04EC0-301F-11D3-BF4B-00C04F79EFBC}") = "NoCap", "NoCap\NoCap.csproj", "{BC2C1B30-4802-47E1-BA8B-CEFCFE5BFAC7}"
EndProject
Project("{FAE04EC0-301F-11D3-BF4B-00C04F79EFBC}") = "NoCap.Plugins", "NoCap.Plugins\NoCap.Plugins.csproj", "{DA3CA2D6-22ED-449B-8C58-3B088D34D6B5}"
EndProject
Project("{FAE04EC0-301F-11D3-BF4B-00C04F79EFBC}") = "NoCap.Library", "NoCap.Library\NoCap.Library.csproj", "{F8575C27-A6A0-4D6F-A9C8-C93A4DB20C4E}"
EndProject
Project("{FAE04EC0-301F-11D3-BF4B-00C04F79EFBC}") = "NoCap.Web", "NoCap.Web\NoCap.Web.csproj", "{48EAB6A5-2882-4DF7-9846-FD06581B33B5}"
EndProject
Project("{FAE04EC0-301F-11D3-BF4B-00C04F79EFBC}") = "NoCap.Web.Tests", "NoCap.Web.Tests\NoCap.Web.Tests.csproj", "{475BE876-2708-4AF6-BA9B-33B71823ED98}"
EndProject
Project("{FAE04EC0-301F-11D3-BF4B-00C04F79EFBC}") = "NoCap.GUI.WPF", "NoCap.GUI.WPF\NoCap.GUI.WPF.csproj", "{B2BBCA6D-B466-4834-A0B8-BE8E3417132E}"
EndProject
Project("{FAE04EC0-301F-11D3-BF4B-00C04F79EFBC}") = "NoCap.Library.Tests", "NoCap.Library.Tests\NoCap.Library.Tests.csproj", "{F11795C7-06DD-4684-9F04-BAFEECA1C0EC}"
EndProject
Project("{F184B08F-C81C-45F6-A57F-5ABD9991F28F}") = "XAMLPowerToys.Controls", "..\..\VB.NET\XAMLPowerToys.Controls\XAMLPowerToys.Controls.vbproj", "{EACF1F4F-DB79-418B-9D33-23771B427AF2}"
EndProject
Project("{FAE04EC0-301F-11D3-BF4B-00C04F79EFBC}") = "WinputDotNet", "vendor\WinputDotNet\WinputDotNet\WinputDotNet.csproj", "{58A26DE2-2BAB-4E99-8AD3-B6D8F56747AB}"
EndProject
Project("{FAE04EC0-301F-11D3-BF4B-00C04F79EFBC}") = "WinputDotNet.Providers", "vendor\WinputDotNet\WinputDotNet.Providers\WinputDotNet.Providers.csproj", "{DDD13750-8319-406C-BC5F-E430D28258BB}"
EndProject
Project("{FAE04EC0-301F-11D3-BF4B-00C04F79EFBC}") = "NotifyIconWpf", "vendor\NotifyIconWpf\NotifyIconWpf.csproj", "{7AC63864-7638-41C4-969C-D3197EF2BED9}"
EndProject
Global
	GlobalSection(SolutionConfigurationPlatforms) = preSolution
		Debug|Any CPU = Debug|Any CPU
		Debug|Mixed Platforms = Debug|Mixed Platforms
		Debug|x86 = Debug|x86
		Release|Any CPU = Release|Any CPU
		Release|Mixed Platforms = Release|Mixed Platforms
		Release|x86 = Release|x86
	EndGlobalSection
	GlobalSection(ProjectConfigurationPlatforms) = postSolution
		{BC2C1B30-4802-47E1-BA8B-CEFCFE5BFAC7}.Debug|Any CPU.ActiveCfg = Debug|x86
		{BC2C1B30-4802-47E1-BA8B-CEFCFE5BFAC7}.Debug|Mixed Platforms.ActiveCfg = Debug|x86
		{BC2C1B30-4802-47E1-BA8B-CEFCFE5BFAC7}.Debug|Mixed Platforms.Build.0 = Debug|x86
		{BC2C1B30-4802-47E1-BA8B-CEFCFE5BFAC7}.Debug|x86.ActiveCfg = Debug|x86
		{BC2C1B30-4802-47E1-BA8B-CEFCFE5BFAC7}.Debug|x86.Build.0 = Debug|x86
		{BC2C1B30-4802-47E1-BA8B-CEFCFE5BFAC7}.Release|Any CPU.ActiveCfg = Release|x86
		{BC2C1B30-4802-47E1-BA8B-CEFCFE5BFAC7}.Release|Mixed Platforms.ActiveCfg = Release|x86
		{BC2C1B30-4802-47E1-BA8B-CEFCFE5BFAC7}.Release|Mixed Platforms.Build.0 = Release|x86
		{BC2C1B30-4802-47E1-BA8B-CEFCFE5BFAC7}.Release|x86.ActiveCfg = Release|x86
		{BC2C1B30-4802-47E1-BA8B-CEFCFE5BFAC7}.Release|x86.Build.0 = Release|x86
		{DA3CA2D6-22ED-449B-8C58-3B088D34D6B5}.Debug|Any CPU.ActiveCfg = Debug|Any CPU
		{DA3CA2D6-22ED-449B-8C58-3B088D34D6B5}.Debug|Any CPU.Build.0 = Debug|Any CPU
		{DA3CA2D6-22ED-449B-8C58-3B088D34D6B5}.Debug|Mixed Platforms.ActiveCfg = Debug|Any CPU
		{DA3CA2D6-22ED-449B-8C58-3B088D34D6B5}.Debug|Mixed Platforms.Build.0 = Debug|Any CPU
		{DA3CA2D6-22ED-449B-8C58-3B088D34D6B5}.Debug|x86.ActiveCfg = Debug|Any CPU
		{DA3CA2D6-22ED-449B-8C58-3B088D34D6B5}.Release|Any CPU.ActiveCfg = Release|Any CPU
		{DA3CA2D6-22ED-449B-8C58-3B088D34D6B5}.Release|Any CPU.Build.0 = Release|Any CPU
		{DA3CA2D6-22ED-449B-8C58-3B088D34D6B5}.Release|Mixed Platforms.ActiveCfg = Release|Any CPU
		{DA3CA2D6-22ED-449B-8C58-3B088D34D6B5}.Release|Mixed Platforms.Build.0 = Release|Any CPU
		{DA3CA2D6-22ED-449B-8C58-3B088D34D6B5}.Release|x86.ActiveCfg = Release|Any CPU
		{F8575C27-A6A0-4D6F-A9C8-C93A4DB20C4E}.Debug|Any CPU.ActiveCfg = Debug|Any CPU
		{F8575C27-A6A0-4D6F-A9C8-C93A4DB20C4E}.Debug|Any CPU.Build.0 = Debug|Any CPU
		{F8575C27-A6A0-4D6F-A9C8-C93A4DB20C4E}.Debug|Mixed Platforms.ActiveCfg = Debug|Any CPU
		{F8575C27-A6A0-4D6F-A9C8-C93A4DB20C4E}.Debug|Mixed Platforms.Build.0 = Debug|Any CPU
		{F8575C27-A6A0-4D6F-A9C8-C93A4DB20C4E}.Debug|x86.ActiveCfg = Debug|Any CPU
		{F8575C27-A6A0-4D6F-A9C8-C93A4DB20C4E}.Release|Any CPU.ActiveCfg = Release|Any CPU
		{F8575C27-A6A0-4D6F-A9C8-C93A4DB20C4E}.Release|Any CPU.Build.0 = Release|Any CPU
		{F8575C27-A6A0-4D6F-A9C8-C93A4DB20C4E}.Release|Mixed Platforms.ActiveCfg = Release|Any CPU
		{F8575C27-A6A0-4D6F-A9C8-C93A4DB20C4E}.Release|Mixed Platforms.Build.0 = Release|Any CPU
		{F8575C27-A6A0-4D6F-A9C8-C93A4DB20C4E}.Release|x86.ActiveCfg = Release|Any CPU
		{48EAB6A5-2882-4DF7-9846-FD06581B33B5}.Debug|Any CPU.ActiveCfg = Debug|Any CPU
		{48EAB6A5-2882-4DF7-9846-FD06581B33B5}.Debug|Any CPU.Build.0 = Debug|Any CPU
		{48EAB6A5-2882-4DF7-9846-FD06581B33B5}.Debug|Mixed Platforms.ActiveCfg = Debug|Any CPU
		{48EAB6A5-2882-4DF7-9846-FD06581B33B5}.Debug|Mixed Platforms.Build.0 = Debug|Any CPU
		{48EAB6A5-2882-4DF7-9846-FD06581B33B5}.Debug|x86.ActiveCfg = Debug|Any CPU
		{48EAB6A5-2882-4DF7-9846-FD06581B33B5}.Release|Any CPU.ActiveCfg = Release|Any CPU
		{48EAB6A5-2882-4DF7-9846-FD06581B33B5}.Release|Any CPU.Build.0 = Release|Any CPU
		{48EAB6A5-2882-4DF7-9846-FD06581B33B5}.Release|Mixed Platforms.ActiveCfg = Release|Any CPU
		{48EAB6A5-2882-4DF7-9846-FD06581B33B5}.Release|Mixed Platforms.Build.0 = Release|Any CPU
		{48EAB6A5-2882-4DF7-9846-FD06581B33B5}.Release|x86.ActiveCfg = Release|Any CPU
		{475BE876-2708-4AF6-BA9B-33B71823ED98}.Debug|Any CPU.ActiveCfg = Debug|Any CPU
		{475BE876-2708-4AF6-BA9B-33B71823ED98}.Debug|Any CPU.Build.0 = Debug|Any CPU
		{475BE876-2708-4AF6-BA9B-33B71823ED98}.Debug|Mixed Platforms.ActiveCfg = Debug|Any CPU
		{475BE876-2708-4AF6-BA9B-33B71823ED98}.Debug|Mixed Platforms.Build.0 = Debug|Any CPU
		{475BE876-2708-4AF6-BA9B-33B71823ED98}.Debug|x86.ActiveCfg = Debug|Any CPU
		{475BE876-2708-4AF6-BA9B-33B71823ED98}.Release|Any CPU.ActiveCfg = Release|Any CPU
		{475BE876-2708-4AF6-BA9B-33B71823ED98}.Release|Any CPU.Build.0 = Release|Any CPU
		{475BE876-2708-4AF6-BA9B-33B71823ED98}.Release|Mixed Platforms.ActiveCfg = Release|Any CPU
		{475BE876-2708-4AF6-BA9B-33B71823ED98}.Release|Mixed Platforms.Build.0 = Release|Any CPU
		{475BE876-2708-4AF6-BA9B-33B71823ED98}.Release|x86.ActiveCfg = Release|Any CPU
		{B2BBCA6D-B466-4834-A0B8-BE8E3417132E}.Debug|Any CPU.ActiveCfg = Debug|x86
		{B2BBCA6D-B466-4834-A0B8-BE8E3417132E}.Debug|Mixed Platforms.ActiveCfg = Debug|x86
		{B2BBCA6D-B466-4834-A0B8-BE8E3417132E}.Debug|Mixed Platforms.Build.0 = Debug|x86
		{B2BBCA6D-B466-4834-A0B8-BE8E3417132E}.Debug|x86.ActiveCfg = Debug|x86
		{B2BBCA6D-B466-4834-A0B8-BE8E3417132E}.Debug|x86.Build.0 = Debug|x86
		{B2BBCA6D-B466-4834-A0B8-BE8E3417132E}.Release|Any CPU.ActiveCfg = Release|x86
		{B2BBCA6D-B466-4834-A0B8-BE8E3417132E}.Release|Mixed Platforms.ActiveCfg = Release|x86
		{B2BBCA6D-B466-4834-A0B8-BE8E3417132E}.Release|Mixed Platforms.Build.0 = Release|x86
		{B2BBCA6D-B466-4834-A0B8-BE8E3417132E}.Release|x86.ActiveCfg = Release|x86
		{B2BBCA6D-B466-4834-A0B8-BE8E3417132E}.Release|x86.Build.0 = Release|x86
		{F11795C7-06DD-4684-9F04-BAFEECA1C0EC}.Debug|Any CPU.ActiveCfg = Debug|Any CPU
		{F11795C7-06DD-4684-9F04-BAFEECA1C0EC}.Debug|Any CPU.Build.0 = Debug|Any CPU
		{F11795C7-06DD-4684-9F04-BAFEECA1C0EC}.Debug|Mixed Platforms.ActiveCfg = Debug|Any CPU
		{F11795C7-06DD-4684-9F04-BAFEECA1C0EC}.Debug|Mixed Platforms.Build.0 = Debug|Any CPU
		{F11795C7-06DD-4684-9F04-BAFEECA1C0EC}.Debug|x86.ActiveCfg = Debug|Any CPU
		{F11795C7-06DD-4684-9F04-BAFEECA1C0EC}.Release|Any CPU.ActiveCfg = Release|Any CPU
		{F11795C7-06DD-4684-9F04-BAFEECA1C0EC}.Release|Any CPU.Build.0 = Release|Any CPU
		{F11795C7-06DD-4684-9F04-BAFEECA1C0EC}.Release|Mixed Platforms.ActiveCfg = Release|Any CPU
		{F11795C7-06DD-4684-9F04-BAFEECA1C0EC}.Release|Mixed Platforms.Build.0 = Release|Any CPU
		{F11795C7-06DD-4684-9F04-BAFEECA1C0EC}.Release|x86.ActiveCfg = Release|Any CPU
		{EACF1F4F-DB79-418B-9D33-23771B427AF2}.Debug|Any CPU.ActiveCfg = Debug|Any CPU
		{EACF1F4F-DB79-418B-9D33-23771B427AF2}.Debug|Any CPU.Build.0 = Debug|Any CPU
		{EACF1F4F-DB79-418B-9D33-23771B427AF2}.Debug|Mixed Platforms.ActiveCfg = Debug|Any CPU
		{EACF1F4F-DB79-418B-9D33-23771B427AF2}.Debug|Mixed Platforms.Build.0 = Debug|Any CPU
		{EACF1F4F-DB79-418B-9D33-23771B427AF2}.Debug|x86.ActiveCfg = Debug|Any CPU
		{EACF1F4F-DB79-418B-9D33-23771B427AF2}.Release|Any CPU.ActiveCfg = Release|Any CPU
		{EACF1F4F-DB79-418B-9D33-23771B427AF2}.Release|Any CPU.Build.0 = Release|Any CPU
		{EACF1F4F-DB79-418B-9D33-23771B427AF2}.Release|Mixed Platforms.ActiveCfg = Release|Any CPU
		{EACF1F4F-DB79-418B-9D33-23771B427AF2}.Release|Mixed Platforms.Build.0 = Release|Any CPU
		{EACF1F4F-DB79-418B-9D33-23771B427AF2}.Release|x86.ActiveCfg = Release|Any CPU
		{58A26DE2-2BAB-4E99-8AD3-B6D8F56747AB}.Debug|Any CPU.ActiveCfg = Debug|Any CPU
		{58A26DE2-2BAB-4E99-8AD3-B6D8F56747AB}.Debug|Any CPU.Build.0 = Debug|Any CPU
		{58A26DE2-2BAB-4E99-8AD3-B6D8F56747AB}.Debug|Mixed Platforms.ActiveCfg = Debug|Any CPU
		{58A26DE2-2BAB-4E99-8AD3-B6D8F56747AB}.Debug|Mixed Platforms.Build.0 = Debug|Any CPU
		{58A26DE2-2BAB-4E99-8AD3-B6D8F56747AB}.Debug|x86.ActiveCfg = Debug|Any CPU
		{58A26DE2-2BAB-4E99-8AD3-B6D8F56747AB}.Release|Any CPU.ActiveCfg = Release|Any CPU
		{58A26DE2-2BAB-4E99-8AD3-B6D8F56747AB}.Release|Any CPU.Build.0 = Release|Any CPU
		{58A26DE2-2BAB-4E99-8AD3-B6D8F56747AB}.Release|Mixed Platforms.ActiveCfg = Release|Any CPU
		{58A26DE2-2BAB-4E99-8AD3-B6D8F56747AB}.Release|Mixed Platforms.Build.0 = Release|Any CPU
		{58A26DE2-2BAB-4E99-8AD3-B6D8F56747AB}.Release|x86.ActiveCfg = Release|Any CPU
		{DDD13750-8319-406C-BC5F-E430D28258BB}.Debug|Any CPU.ActiveCfg = Debug|Any CPU
		{DDD13750-8319-406C-BC5F-E430D28258BB}.Debug|Any CPU.Build.0 = Debug|Any CPU
		{DDD13750-8319-406C-BC5F-E430D28258BB}.Debug|Mixed Platforms.ActiveCfg = Debug|Any CPU
		{DDD13750-8319-406C-BC5F-E430D28258BB}.Debug|Mixed Platforms.Build.0 = Debug|Any CPU
		{DDD13750-8319-406C-BC5F-E430D28258BB}.Debug|x86.ActiveCfg = Debug|Any CPU
		{DDD13750-8319-406C-BC5F-E430D28258BB}.Release|Any CPU.ActiveCfg = Release|Any CPU
		{DDD13750-8319-406C-BC5F-E430D28258BB}.Release|Any CPU.Build.0 = Release|Any CPU
		{DDD13750-8319-406C-BC5F-E430D28258BB}.Release|Mixed Platforms.ActiveCfg = Release|Any CPU
		{DDD13750-8319-406C-BC5F-E430D28258BB}.Release|Mixed Platforms.Build.0 = Release|Any CPU
		{DDD13750-8319-406C-BC5F-E430D28258BB}.Release|x86.ActiveCfg = Release|Any CPU
		{7AC63864-7638-41C4-969C-D3197EF2BED9}.Debug|Any CPU.ActiveCfg = Debug|Any CPU
		{7AC63864-7638-41C4-969C-D3197EF2BED9}.Debug|Any CPU.Build.0 = Debug|Any CPU
		{7AC63864-7638-41C4-969C-D3197EF2BED9}.Debug|Mixed Platforms.ActiveCfg = Debug|Any CPU
		{7AC63864-7638-41C4-969C-D3197EF2BED9}.Debug|Mixed Platforms.Build.0 = Debug|Any CPU
		{7AC63864-7638-41C4-969C-D3197EF2BED9}.Debug|x86.ActiveCfg = Debug|Any CPU
		{7AC63864-7638-41C4-969C-D3197EF2BED9}.Release|Any CPU.ActiveCfg = Release|Any CPU
		{7AC63864-7638-41C4-969C-D3197EF2BED9}.Release|Any CPU.Build.0 = Release|Any CPU
		{7AC63864-7638-41C4-969C-D3197EF2BED9}.Release|Mixed Platforms.ActiveCfg = Release|Any CPU
		{7AC63864-7638-41C4-969C-D3197EF2BED9}.Release|Mixed Platforms.Build.0 = Release|Any CPU
		{7AC63864-7638-41C4-969C-D3197EF2BED9}.Release|x86.ActiveCfg = Release|Any CPU
	EndGlobalSection
	GlobalSection(SolutionProperties) = preSolution
		HideSolutionNode = FALSE
	EndGlobalSection
EndGlobal
