
Microsoft Visual Studio Solution File, Format Version 11.00
# Visual Studio 2010
Project("{FAE04EC0-301F-11D3-BF4B-00C04F79EFBC}") = "NoCap.Plugins", "NoCap.Plugins\NoCap.Plugins.csproj", "{DA3CA2D6-22ED-449B-8C58-3B088D34D6B5}"
EndProject
Project("{FAE04EC0-301F-11D3-BF4B-00C04F79EFBC}") = "NoCap.Library", "NoCap.Library\NoCap.Library.csproj", "{F8575C27-A6A0-4D6F-A9C8-C93A4DB20C4E}"
EndProject
Project("{FAE04EC0-301F-11D3-BF4B-00C04F79EFBC}") = "NoCap.Web", "NoCap.Web\NoCap.Web.csproj", "{48EAB6A5-2882-4DF7-9846-FD06581B33B5}"
EndProject
Project("{FAE04EC0-301F-11D3-BF4B-00C04F79EFBC}") = "NoCap.Web.Tests", "NoCap.Web.Tests\NoCap.Web.Tests.csproj", "{475BE876-2708-4AF6-BA9B-33B71823ED98}"
EndProject
Project("{FAE04EC0-301F-11D3-BF4B-00C04F79EFBC}") = "NoCap.GUI.WPF", "NoCap.GUI.WPF\NoCap.GUI.WPF.csproj", "{B2BBCA6D-B466-4834-A0B8-BE8E3417132E}"
EndProject
Project("{FAE04EC0-301F-11D3-BF4B-00C04F79EFBC}") = "NoCap.Library.Tests", "NoCap.Library.Tests\NoCap.Library.Tests.csproj", "{F11795C7-06DD-4684-9F04-BAFEECA1C0EC}"
EndProject
Project("{F184B08F-C81C-45F6-A57F-5ABD9991F28F}") = "XAMLPowerToys.Controls", "..\..\VB.NET\XAMLPowerToys.Controls\XAMLPowerToys.Controls.vbproj", "{EACF1F4F-DB79-418B-9D33-23771B427AF2}"
EndProject
Project("{FAE04EC0-301F-11D3-BF4B-00C04F79EFBC}") = "WinputDotNet", "vendor\WinputDotNet\WinputDotNet\WinputDotNet.csproj", "{58A26DE2-2BAB-4E99-8AD3-B6D8F56747AB}"
EndProject
Project("{FAE04EC0-301F-11D3-BF4B-00C04F79EFBC}") = "WinputDotNet.Providers", "vendor\WinputDotNet\WinputDotNet.Providers\WinputDotNet.Providers.csproj", "{DDD13750-8319-406C-BC5F-E430D28258BB}"
EndProject
Project("{FAE04EC0-301F-11D3-BF4B-00C04F79EFBC}") = "Windows7.DesktopIntegration", "vendor\Windows7.DesktopIntegration\Windows7.DesktopIntegration.csproj", "{E3F064A7-ECEF-46B8-83BD-299E4E8BDF82}"
EndProject
Project("{FAE04EC0-301F-11D3-BF4B-00C04F79EFBC}") = "vistabridgelibrary", "vendor\vistabridgelibrary\vistabridgelibrary.csproj", "{CE304F35-FABF-4A24-AC48-5710670A82BE}"
EndProject
Project("{FAE04EC0-301F-11D3-BF4B-00C04F79EFBC}") = "Windows7.DesktopIntegration.Registration", "vendor\Windows7.DesktopIntegration.Registration\Windows7.DesktopIntegration.Registration.csproj", "{03F9F5A8-F3F4-499A-8B15-57ADBA5148CC}"
EndProject
Project("{FAE04EC0-301F-11D3-BF4B-00C04F79EFBC}") = "NotifyIconWpf", "vendor\wpf-notifyicon\NotifyIconWpf\NotifyIconWpf.csproj", "{7AC63864-7638-41C4-969C-D3197EF2BED9}"
EndProject
Project("{FAE04EC0-301F-11D3-BF4B-00C04F79EFBC}") = "FTPSClient", "vendor\FTPSClient\FTPSClient.csproj", "{8271707D-0C08-460D-A332-6FDB8D0BB6D1}"
EndProject
Project("{FAE04EC0-301F-11D3-BF4B-00C04F79EFBC}") = "SerialFailure", "SerialFailure\SerialFailure.csproj", "{130CB897-10E1-49BF-B7B4-F76A91FD78FD}"
EndProject
Global
	GlobalSection(SolutionConfigurationPlatforms) = preSolution
		Debug|Any CPU = Debug|Any CPU
		Debug|Mixed Platforms = Debug|Mixed Platforms
		Debug|x64 = Debug|x64
		Debug|x86 = Debug|x86
		MakeDoc|Any CPU = MakeDoc|Any CPU
		MakeDoc|Mixed Platforms = MakeDoc|Mixed Platforms
		MakeDoc|x64 = MakeDoc|x64
		MakeDoc|x86 = MakeDoc|x86
		Release|Any CPU = Release|Any CPU
		Release|Mixed Platforms = Release|Mixed Platforms
		Release|x64 = Release|x64
		Release|x86 = Release|x86
		XMLDocument|Any CPU = XMLDocument|Any CPU
		XMLDocument|Mixed Platforms = XMLDocument|Mixed Platforms
		XMLDocument|x64 = XMLDocument|x64
		XMLDocument|x86 = XMLDocument|x86
	EndGlobalSection
	GlobalSection(ProjectConfigurationPlatforms) = postSolution
		{DA3CA2D6-22ED-449B-8C58-3B088D34D6B5}.Debug|Any CPU.ActiveCfg = Debug|Any CPU
		{DA3CA2D6-22ED-449B-8C58-3B088D34D6B5}.Debug|Any CPU.Build.0 = Debug|Any CPU
		{DA3CA2D6-22ED-449B-8C58-3B088D34D6B5}.Debug|Mixed Platforms.ActiveCfg = Debug|Any CPU
		{DA3CA2D6-22ED-449B-8C58-3B088D34D6B5}.Debug|Mixed Platforms.Build.0 = Debug|Any CPU
		{DA3CA2D6-22ED-449B-8C58-3B088D34D6B5}.Debug|x64.ActiveCfg = Debug|Any CPU
		{DA3CA2D6-22ED-449B-8C58-3B088D34D6B5}.Debug|x86.ActiveCfg = Debug|Any CPU
		{DA3CA2D6-22ED-449B-8C58-3B088D34D6B5}.MakeDoc|Any CPU.ActiveCfg = Release|Any CPU
		{DA3CA2D6-22ED-449B-8C58-3B088D34D6B5}.MakeDoc|Any CPU.Build.0 = Release|Any CPU
		{DA3CA2D6-22ED-449B-8C58-3B088D34D6B5}.MakeDoc|Mixed Platforms.ActiveCfg = Release|Any CPU
		{DA3CA2D6-22ED-449B-8C58-3B088D34D6B5}.MakeDoc|Mixed Platforms.Build.0 = Release|Any CPU
		{DA3CA2D6-22ED-449B-8C58-3B088D34D6B5}.MakeDoc|x64.ActiveCfg = Release|Any CPU
		{DA3CA2D6-22ED-449B-8C58-3B088D34D6B5}.MakeDoc|x86.ActiveCfg = Release|Any CPU
		{DA3CA2D6-22ED-449B-8C58-3B088D34D6B5}.Release|Any CPU.ActiveCfg = Release|Any CPU
		{DA3CA2D6-22ED-449B-8C58-3B088D34D6B5}.Release|Any CPU.Build.0 = Release|Any CPU
		{DA3CA2D6-22ED-449B-8C58-3B088D34D6B5}.Release|Mixed Platforms.ActiveCfg = Release|Any CPU
		{DA3CA2D6-22ED-449B-8C58-3B088D34D6B5}.Release|Mixed Platforms.Build.0 = Release|Any CPU
		{DA3CA2D6-22ED-449B-8C58-3B088D34D6B5}.Release|x64.ActiveCfg = Release|Any CPU
		{DA3CA2D6-22ED-449B-8C58-3B088D34D6B5}.Release|x86.ActiveCfg = Release|Any CPU
		{DA3CA2D6-22ED-449B-8C58-3B088D34D6B5}.XMLDocument|Any CPU.ActiveCfg = Release|Any CPU
		{DA3CA2D6-22ED-449B-8C58-3B088D34D6B5}.XMLDocument|Any CPU.Build.0 = Release|Any CPU
		{DA3CA2D6-22ED-449B-8C58-3B088D34D6B5}.XMLDocument|Mixed Platforms.ActiveCfg = Release|Any CPU
		{DA3CA2D6-22ED-449B-8C58-3B088D34D6B5}.XMLDocument|Mixed Platforms.Build.0 = Release|Any CPU
		{DA3CA2D6-22ED-449B-8C58-3B088D34D6B5}.XMLDocument|x64.ActiveCfg = Release|Any CPU
		{DA3CA2D6-22ED-449B-8C58-3B088D34D6B5}.XMLDocument|x86.ActiveCfg = Release|Any CPU
		{F8575C27-A6A0-4D6F-A9C8-C93A4DB20C4E}.Debug|Any CPU.ActiveCfg = Debug|Any CPU
		{F8575C27-A6A0-4D6F-A9C8-C93A4DB20C4E}.Debug|Any CPU.Build.0 = Debug|Any CPU
		{F8575C27-A6A0-4D6F-A9C8-C93A4DB20C4E}.Debug|Mixed Platforms.ActiveCfg = Debug|Any CPU
		{F8575C27-A6A0-4D6F-A9C8-C93A4DB20C4E}.Debug|Mixed Platforms.Build.0 = Debug|Any CPU
		{F8575C27-A6A0-4D6F-A9C8-C93A4DB20C4E}.Debug|x64.ActiveCfg = Debug|Any CPU
		{F8575C27-A6A0-4D6F-A9C8-C93A4DB20C4E}.Debug|x86.ActiveCfg = Debug|Any CPU
		{F8575C27-A6A0-4D6F-A9C8-C93A4DB20C4E}.MakeDoc|Any CPU.ActiveCfg = Release|Any CPU
		{F8575C27-A6A0-4D6F-A9C8-C93A4DB20C4E}.MakeDoc|Any CPU.Build.0 = Release|Any CPU
		{F8575C27-A6A0-4D6F-A9C8-C93A4DB20C4E}.MakeDoc|Mixed Platforms.ActiveCfg = Release|Any CPU
		{F8575C27-A6A0-4D6F-A9C8-C93A4DB20C4E}.MakeDoc|Mixed Platforms.Build.0 = Release|Any CPU
		{F8575C27-A6A0-4D6F-A9C8-C93A4DB20C4E}.MakeDoc|x64.ActiveCfg = Release|Any CPU
		{F8575C27-A6A0-4D6F-A9C8-C93A4DB20C4E}.MakeDoc|x86.ActiveCfg = Release|Any CPU
		{F8575C27-A6A0-4D6F-A9C8-C93A4DB20C4E}.Release|Any CPU.ActiveCfg = Release|Any CPU
		{F8575C27-A6A0-4D6F-A9C8-C93A4DB20C4E}.Release|Any CPU.Build.0 = Release|Any CPU
		{F8575C27-A6A0-4D6F-A9C8-C93A4DB20C4E}.Release|Mixed Platforms.ActiveCfg = Release|Any CPU
		{F8575C27-A6A0-4D6F-A9C8-C93A4DB20C4E}.Release|Mixed Platforms.Build.0 = Release|Any CPU
		{F8575C27-A6A0-4D6F-A9C8-C93A4DB20C4E}.Release|x64.ActiveCfg = Release|Any CPU
		{F8575C27-A6A0-4D6F-A9C8-C93A4DB20C4E}.Release|x86.ActiveCfg = Release|Any CPU
		{F8575C27-A6A0-4D6F-A9C8-C93A4DB20C4E}.XMLDocument|Any CPU.ActiveCfg = Release|Any CPU
		{F8575C27-A6A0-4D6F-A9C8-C93A4DB20C4E}.XMLDocument|Any CPU.Build.0 = Release|Any CPU
		{F8575C27-A6A0-4D6F-A9C8-C93A4DB20C4E}.XMLDocument|Mixed Platforms.ActiveCfg = Release|Any CPU
		{F8575C27-A6A0-4D6F-A9C8-C93A4DB20C4E}.XMLDocument|Mixed Platforms.Build.0 = Release|Any CPU
		{F8575C27-A6A0-4D6F-A9C8-C93A4DB20C4E}.XMLDocument|x64.ActiveCfg = Release|Any CPU
		{F8575C27-A6A0-4D6F-A9C8-C93A4DB20C4E}.XMLDocument|x86.ActiveCfg = Release|Any CPU
		{48EAB6A5-2882-4DF7-9846-FD06581B33B5}.Debug|Any CPU.ActiveCfg = Debug|Any CPU
		{48EAB6A5-2882-4DF7-9846-FD06581B33B5}.Debug|Any CPU.Build.0 = Debug|Any CPU
		{48EAB6A5-2882-4DF7-9846-FD06581B33B5}.Debug|Mixed Platforms.ActiveCfg = Debug|Any CPU
		{48EAB6A5-2882-4DF7-9846-FD06581B33B5}.Debug|Mixed Platforms.Build.0 = Debug|Any CPU
		{48EAB6A5-2882-4DF7-9846-FD06581B33B5}.Debug|x64.ActiveCfg = Debug|Any CPU
		{48EAB6A5-2882-4DF7-9846-FD06581B33B5}.Debug|x86.ActiveCfg = Debug|Any CPU
		{48EAB6A5-2882-4DF7-9846-FD06581B33B5}.MakeDoc|Any CPU.ActiveCfg = Release|Any CPU
		{48EAB6A5-2882-4DF7-9846-FD06581B33B5}.MakeDoc|Any CPU.Build.0 = Release|Any CPU
		{48EAB6A5-2882-4DF7-9846-FD06581B33B5}.MakeDoc|Mixed Platforms.ActiveCfg = Release|Any CPU
		{48EAB6A5-2882-4DF7-9846-FD06581B33B5}.MakeDoc|Mixed Platforms.Build.0 = Release|Any CPU
		{48EAB6A5-2882-4DF7-9846-FD06581B33B5}.MakeDoc|x64.ActiveCfg = Release|Any CPU
		{48EAB6A5-2882-4DF7-9846-FD06581B33B5}.MakeDoc|x86.ActiveCfg = Release|Any CPU
		{48EAB6A5-2882-4DF7-9846-FD06581B33B5}.Release|Any CPU.ActiveCfg = Release|Any CPU
		{48EAB6A5-2882-4DF7-9846-FD06581B33B5}.Release|Any CPU.Build.0 = Release|Any CPU
		{48EAB6A5-2882-4DF7-9846-FD06581B33B5}.Release|Mixed Platforms.ActiveCfg = Release|Any CPU
		{48EAB6A5-2882-4DF7-9846-FD06581B33B5}.Release|Mixed Platforms.Build.0 = Release|Any CPU
		{48EAB6A5-2882-4DF7-9846-FD06581B33B5}.Release|x64.ActiveCfg = Release|Any CPU
		{48EAB6A5-2882-4DF7-9846-FD06581B33B5}.Release|x86.ActiveCfg = Release|Any CPU
		{48EAB6A5-2882-4DF7-9846-FD06581B33B5}.XMLDocument|Any CPU.ActiveCfg = Release|Any CPU
		{48EAB6A5-2882-4DF7-9846-FD06581B33B5}.XMLDocument|Any CPU.Build.0 = Release|Any CPU
		{48EAB6A5-2882-4DF7-9846-FD06581B33B5}.XMLDocument|Mixed Platforms.ActiveCfg = Release|Any CPU
		{48EAB6A5-2882-4DF7-9846-FD06581B33B5}.XMLDocument|Mixed Platforms.Build.0 = Release|Any CPU
		{48EAB6A5-2882-4DF7-9846-FD06581B33B5}.XMLDocument|x64.ActiveCfg = Release|Any CPU
		{48EAB6A5-2882-4DF7-9846-FD06581B33B5}.XMLDocument|x86.ActiveCfg = Release|Any CPU
		{475BE876-2708-4AF6-BA9B-33B71823ED98}.Debug|Any CPU.ActiveCfg = Debug|Any CPU
		{475BE876-2708-4AF6-BA9B-33B71823ED98}.Debug|Any CPU.Build.0 = Debug|Any CPU
		{475BE876-2708-4AF6-BA9B-33B71823ED98}.Debug|Mixed Platforms.ActiveCfg = Debug|Any CPU
		{475BE876-2708-4AF6-BA9B-33B71823ED98}.Debug|Mixed Platforms.Build.0 = Debug|Any CPU
		{475BE876-2708-4AF6-BA9B-33B71823ED98}.Debug|x64.ActiveCfg = Debug|Any CPU
		{475BE876-2708-4AF6-BA9B-33B71823ED98}.Debug|x86.ActiveCfg = Debug|Any CPU
		{475BE876-2708-4AF6-BA9B-33B71823ED98}.MakeDoc|Any CPU.ActiveCfg = Release|Any CPU
		{475BE876-2708-4AF6-BA9B-33B71823ED98}.MakeDoc|Any CPU.Build.0 = Release|Any CPU
		{475BE876-2708-4AF6-BA9B-33B71823ED98}.MakeDoc|Mixed Platforms.ActiveCfg = Release|Any CPU
		{475BE876-2708-4AF6-BA9B-33B71823ED98}.MakeDoc|Mixed Platforms.Build.0 = Release|Any CPU
		{475BE876-2708-4AF6-BA9B-33B71823ED98}.MakeDoc|x64.ActiveCfg = Release|Any CPU
		{475BE876-2708-4AF6-BA9B-33B71823ED98}.MakeDoc|x86.ActiveCfg = Release|Any CPU
		{475BE876-2708-4AF6-BA9B-33B71823ED98}.Release|Any CPU.ActiveCfg = Release|Any CPU
		{475BE876-2708-4AF6-BA9B-33B71823ED98}.Release|Any CPU.Build.0 = Release|Any CPU
		{475BE876-2708-4AF6-BA9B-33B71823ED98}.Release|Mixed Platforms.ActiveCfg = Release|Any CPU
		{475BE876-2708-4AF6-BA9B-33B71823ED98}.Release|Mixed Platforms.Build.0 = Release|Any CPU
		{475BE876-2708-4AF6-BA9B-33B71823ED98}.Release|x64.ActiveCfg = Release|Any CPU
		{475BE876-2708-4AF6-BA9B-33B71823ED98}.Release|x86.ActiveCfg = Release|Any CPU
		{475BE876-2708-4AF6-BA9B-33B71823ED98}.XMLDocument|Any CPU.ActiveCfg = Release|Any CPU
		{475BE876-2708-4AF6-BA9B-33B71823ED98}.XMLDocument|Any CPU.Build.0 = Release|Any CPU
		{475BE876-2708-4AF6-BA9B-33B71823ED98}.XMLDocument|Mixed Platforms.ActiveCfg = Release|Any CPU
		{475BE876-2708-4AF6-BA9B-33B71823ED98}.XMLDocument|Mixed Platforms.Build.0 = Release|Any CPU
		{475BE876-2708-4AF6-BA9B-33B71823ED98}.XMLDocument|x64.ActiveCfg = Release|Any CPU
		{475BE876-2708-4AF6-BA9B-33B71823ED98}.XMLDocument|x86.ActiveCfg = Release|Any CPU
		{B2BBCA6D-B466-4834-A0B8-BE8E3417132E}.Debug|Any CPU.ActiveCfg = Debug|x86
		{B2BBCA6D-B466-4834-A0B8-BE8E3417132E}.Debug|Mixed Platforms.ActiveCfg = Debug|x86
		{B2BBCA6D-B466-4834-A0B8-BE8E3417132E}.Debug|Mixed Platforms.Build.0 = Debug|x86
		{B2BBCA6D-B466-4834-A0B8-BE8E3417132E}.Debug|x64.ActiveCfg = Debug|x86
		{B2BBCA6D-B466-4834-A0B8-BE8E3417132E}.Debug|x86.ActiveCfg = Debug|x86
		{B2BBCA6D-B466-4834-A0B8-BE8E3417132E}.Debug|x86.Build.0 = Debug|x86
		{B2BBCA6D-B466-4834-A0B8-BE8E3417132E}.MakeDoc|Any CPU.ActiveCfg = Release|x86
		{B2BBCA6D-B466-4834-A0B8-BE8E3417132E}.MakeDoc|Mixed Platforms.ActiveCfg = Release|x86
		{B2BBCA6D-B466-4834-A0B8-BE8E3417132E}.MakeDoc|Mixed Platforms.Build.0 = Release|x86
		{B2BBCA6D-B466-4834-A0B8-BE8E3417132E}.MakeDoc|x64.ActiveCfg = Release|x86
		{B2BBCA6D-B466-4834-A0B8-BE8E3417132E}.MakeDoc|x86.ActiveCfg = Release|x86
		{B2BBCA6D-B466-4834-A0B8-BE8E3417132E}.MakeDoc|x86.Build.0 = Release|x86
		{B2BBCA6D-B466-4834-A0B8-BE8E3417132E}.Release|Any CPU.ActiveCfg = Release|x86
		{B2BBCA6D-B466-4834-A0B8-BE8E3417132E}.Release|Mixed Platforms.ActiveCfg = Release|x86
		{B2BBCA6D-B466-4834-A0B8-BE8E3417132E}.Release|Mixed Platforms.Build.0 = Release|x86
		{B2BBCA6D-B466-4834-A0B8-BE8E3417132E}.Release|x64.ActiveCfg = Release|x86
		{B2BBCA6D-B466-4834-A0B8-BE8E3417132E}.Release|x86.ActiveCfg = Release|x86
		{B2BBCA6D-B466-4834-A0B8-BE8E3417132E}.Release|x86.Build.0 = Release|x86
		{B2BBCA6D-B466-4834-A0B8-BE8E3417132E}.XMLDocument|Any CPU.ActiveCfg = Release|x86
		{B2BBCA6D-B466-4834-A0B8-BE8E3417132E}.XMLDocument|Mixed Platforms.ActiveCfg = Release|x86
		{B2BBCA6D-B466-4834-A0B8-BE8E3417132E}.XMLDocument|Mixed Platforms.Build.0 = Release|x86
		{B2BBCA6D-B466-4834-A0B8-BE8E3417132E}.XMLDocument|x64.ActiveCfg = Release|x86
		{B2BBCA6D-B466-4834-A0B8-BE8E3417132E}.XMLDocument|x86.ActiveCfg = Release|x86
		{B2BBCA6D-B466-4834-A0B8-BE8E3417132E}.XMLDocument|x86.Build.0 = Release|x86
		{F11795C7-06DD-4684-9F04-BAFEECA1C0EC}.Debug|Any CPU.ActiveCfg = Debug|Any CPU
		{F11795C7-06DD-4684-9F04-BAFEECA1C0EC}.Debug|Any CPU.Build.0 = Debug|Any CPU
		{F11795C7-06DD-4684-9F04-BAFEECA1C0EC}.Debug|Mixed Platforms.ActiveCfg = Debug|Any CPU
		{F11795C7-06DD-4684-9F04-BAFEECA1C0EC}.Debug|Mixed Platforms.Build.0 = Debug|Any CPU
		{F11795C7-06DD-4684-9F04-BAFEECA1C0EC}.Debug|x64.ActiveCfg = Debug|Any CPU
		{F11795C7-06DD-4684-9F04-BAFEECA1C0EC}.Debug|x86.ActiveCfg = Debug|Any CPU
		{F11795C7-06DD-4684-9F04-BAFEECA1C0EC}.MakeDoc|Any CPU.ActiveCfg = Release|Any CPU
		{F11795C7-06DD-4684-9F04-BAFEECA1C0EC}.MakeDoc|Any CPU.Build.0 = Release|Any CPU
		{F11795C7-06DD-4684-9F04-BAFEECA1C0EC}.MakeDoc|Mixed Platforms.ActiveCfg = Release|Any CPU
		{F11795C7-06DD-4684-9F04-BAFEECA1C0EC}.MakeDoc|Mixed Platforms.Build.0 = Release|Any CPU
		{F11795C7-06DD-4684-9F04-BAFEECA1C0EC}.MakeDoc|x64.ActiveCfg = Release|Any CPU
		{F11795C7-06DD-4684-9F04-BAFEECA1C0EC}.MakeDoc|x86.ActiveCfg = Release|Any CPU
		{F11795C7-06DD-4684-9F04-BAFEECA1C0EC}.Release|Any CPU.ActiveCfg = Release|Any CPU
		{F11795C7-06DD-4684-9F04-BAFEECA1C0EC}.Release|Any CPU.Build.0 = Release|Any CPU
		{F11795C7-06DD-4684-9F04-BAFEECA1C0EC}.Release|Mixed Platforms.ActiveCfg = Release|Any CPU
		{F11795C7-06DD-4684-9F04-BAFEECA1C0EC}.Release|Mixed Platforms.Build.0 = Release|Any CPU
		{F11795C7-06DD-4684-9F04-BAFEECA1C0EC}.Release|x64.ActiveCfg = Release|Any CPU
		{F11795C7-06DD-4684-9F04-BAFEECA1C0EC}.Release|x86.ActiveCfg = Release|Any CPU
		{F11795C7-06DD-4684-9F04-BAFEECA1C0EC}.XMLDocument|Any CPU.ActiveCfg = Release|Any CPU
		{F11795C7-06DD-4684-9F04-BAFEECA1C0EC}.XMLDocument|Any CPU.Build.0 = Release|Any CPU
		{F11795C7-06DD-4684-9F04-BAFEECA1C0EC}.XMLDocument|Mixed Platforms.ActiveCfg = Release|Any CPU
		{F11795C7-06DD-4684-9F04-BAFEECA1C0EC}.XMLDocument|Mixed Platforms.Build.0 = Release|Any CPU
		{F11795C7-06DD-4684-9F04-BAFEECA1C0EC}.XMLDocument|x64.ActiveCfg = Release|Any CPU
		{F11795C7-06DD-4684-9F04-BAFEECA1C0EC}.XMLDocument|x86.ActiveCfg = Release|Any CPU
		{EACF1F4F-DB79-418B-9D33-23771B427AF2}.Debug|Any CPU.ActiveCfg = Debug|Any CPU
		{EACF1F4F-DB79-418B-9D33-23771B427AF2}.Debug|Any CPU.Build.0 = Debug|Any CPU
		{EACF1F4F-DB79-418B-9D33-23771B427AF2}.Debug|Mixed Platforms.ActiveCfg = Debug|Any CPU
		{EACF1F4F-DB79-418B-9D33-23771B427AF2}.Debug|Mixed Platforms.Build.0 = Debug|Any CPU
		{EACF1F4F-DB79-418B-9D33-23771B427AF2}.Debug|x64.ActiveCfg = Debug|Any CPU
		{EACF1F4F-DB79-418B-9D33-23771B427AF2}.Debug|x86.ActiveCfg = Debug|Any CPU
		{EACF1F4F-DB79-418B-9D33-23771B427AF2}.MakeDoc|Any CPU.ActiveCfg = Release|Any CPU
		{EACF1F4F-DB79-418B-9D33-23771B427AF2}.MakeDoc|Any CPU.Build.0 = Release|Any CPU
		{EACF1F4F-DB79-418B-9D33-23771B427AF2}.MakeDoc|Mixed Platforms.ActiveCfg = Release|Any CPU
		{EACF1F4F-DB79-418B-9D33-23771B427AF2}.MakeDoc|Mixed Platforms.Build.0 = Release|Any CPU
		{EACF1F4F-DB79-418B-9D33-23771B427AF2}.MakeDoc|x64.ActiveCfg = Release|Any CPU
		{EACF1F4F-DB79-418B-9D33-23771B427AF2}.MakeDoc|x86.ActiveCfg = Release|Any CPU
		{EACF1F4F-DB79-418B-9D33-23771B427AF2}.Release|Any CPU.ActiveCfg = Release|Any CPU
		{EACF1F4F-DB79-418B-9D33-23771B427AF2}.Release|Any CPU.Build.0 = Release|Any CPU
		{EACF1F4F-DB79-418B-9D33-23771B427AF2}.Release|Mixed Platforms.ActiveCfg = Release|Any CPU
		{EACF1F4F-DB79-418B-9D33-23771B427AF2}.Release|Mixed Platforms.Build.0 = Release|Any CPU
		{EACF1F4F-DB79-418B-9D33-23771B427AF2}.Release|x64.ActiveCfg = Release|Any CPU
		{EACF1F4F-DB79-418B-9D33-23771B427AF2}.Release|x86.ActiveCfg = Release|Any CPU
		{EACF1F4F-DB79-418B-9D33-23771B427AF2}.XMLDocument|Any CPU.ActiveCfg = Release|Any CPU
		{EACF1F4F-DB79-418B-9D33-23771B427AF2}.XMLDocument|Any CPU.Build.0 = Release|Any CPU
		{EACF1F4F-DB79-418B-9D33-23771B427AF2}.XMLDocument|Mixed Platforms.ActiveCfg = Release|Any CPU
		{EACF1F4F-DB79-418B-9D33-23771B427AF2}.XMLDocument|Mixed Platforms.Build.0 = Release|Any CPU
		{EACF1F4F-DB79-418B-9D33-23771B427AF2}.XMLDocument|x64.ActiveCfg = Release|Any CPU
		{EACF1F4F-DB79-418B-9D33-23771B427AF2}.XMLDocument|x86.ActiveCfg = Release|Any CPU
		{58A26DE2-2BAB-4E99-8AD3-B6D8F56747AB}.Debug|Any CPU.ActiveCfg = Debug|Any CPU
		{58A26DE2-2BAB-4E99-8AD3-B6D8F56747AB}.Debug|Any CPU.Build.0 = Debug|Any CPU
		{58A26DE2-2BAB-4E99-8AD3-B6D8F56747AB}.Debug|Mixed Platforms.ActiveCfg = Debug|Any CPU
		{58A26DE2-2BAB-4E99-8AD3-B6D8F56747AB}.Debug|Mixed Platforms.Build.0 = Debug|Any CPU
		{58A26DE2-2BAB-4E99-8AD3-B6D8F56747AB}.Debug|x64.ActiveCfg = Debug|Any CPU
		{58A26DE2-2BAB-4E99-8AD3-B6D8F56747AB}.Debug|x86.ActiveCfg = Debug|Any CPU
		{58A26DE2-2BAB-4E99-8AD3-B6D8F56747AB}.MakeDoc|Any CPU.ActiveCfg = Release|Any CPU
		{58A26DE2-2BAB-4E99-8AD3-B6D8F56747AB}.MakeDoc|Any CPU.Build.0 = Release|Any CPU
		{58A26DE2-2BAB-4E99-8AD3-B6D8F56747AB}.MakeDoc|Mixed Platforms.ActiveCfg = Release|Any CPU
		{58A26DE2-2BAB-4E99-8AD3-B6D8F56747AB}.MakeDoc|Mixed Platforms.Build.0 = Release|Any CPU
		{58A26DE2-2BAB-4E99-8AD3-B6D8F56747AB}.MakeDoc|x64.ActiveCfg = Release|Any CPU
		{58A26DE2-2BAB-4E99-8AD3-B6D8F56747AB}.MakeDoc|x86.ActiveCfg = Release|Any CPU
		{58A26DE2-2BAB-4E99-8AD3-B6D8F56747AB}.Release|Any CPU.ActiveCfg = Release|Any CPU
		{58A26DE2-2BAB-4E99-8AD3-B6D8F56747AB}.Release|Any CPU.Build.0 = Release|Any CPU
		{58A26DE2-2BAB-4E99-8AD3-B6D8F56747AB}.Release|Mixed Platforms.ActiveCfg = Release|Any CPU
		{58A26DE2-2BAB-4E99-8AD3-B6D8F56747AB}.Release|Mixed Platforms.Build.0 = Release|Any CPU
		{58A26DE2-2BAB-4E99-8AD3-B6D8F56747AB}.Release|x64.ActiveCfg = Release|Any CPU
		{58A26DE2-2BAB-4E99-8AD3-B6D8F56747AB}.Release|x86.ActiveCfg = Release|Any CPU
		{58A26DE2-2BAB-4E99-8AD3-B6D8F56747AB}.XMLDocument|Any CPU.ActiveCfg = Release|Any CPU
		{58A26DE2-2BAB-4E99-8AD3-B6D8F56747AB}.XMLDocument|Any CPU.Build.0 = Release|Any CPU
		{58A26DE2-2BAB-4E99-8AD3-B6D8F56747AB}.XMLDocument|Mixed Platforms.ActiveCfg = Release|Any CPU
		{58A26DE2-2BAB-4E99-8AD3-B6D8F56747AB}.XMLDocument|Mixed Platforms.Build.0 = Release|Any CPU
		{58A26DE2-2BAB-4E99-8AD3-B6D8F56747AB}.XMLDocument|x64.ActiveCfg = Release|Any CPU
		{58A26DE2-2BAB-4E99-8AD3-B6D8F56747AB}.XMLDocument|x86.ActiveCfg = Release|Any CPU
		{DDD13750-8319-406C-BC5F-E430D28258BB}.Debug|Any CPU.ActiveCfg = Debug|Any CPU
		{DDD13750-8319-406C-BC5F-E430D28258BB}.Debug|Any CPU.Build.0 = Debug|Any CPU
		{DDD13750-8319-406C-BC5F-E430D28258BB}.Debug|Mixed Platforms.ActiveCfg = Debug|Any CPU
		{DDD13750-8319-406C-BC5F-E430D28258BB}.Debug|Mixed Platforms.Build.0 = Debug|Any CPU
		{DDD13750-8319-406C-BC5F-E430D28258BB}.Debug|x64.ActiveCfg = Debug|Any CPU
		{DDD13750-8319-406C-BC5F-E430D28258BB}.Debug|x86.ActiveCfg = Debug|Any CPU
		{DDD13750-8319-406C-BC5F-E430D28258BB}.MakeDoc|Any CPU.ActiveCfg = Release|Any CPU
		{DDD13750-8319-406C-BC5F-E430D28258BB}.MakeDoc|Any CPU.Build.0 = Release|Any CPU
		{DDD13750-8319-406C-BC5F-E430D28258BB}.MakeDoc|Mixed Platforms.ActiveCfg = Release|Any CPU
		{DDD13750-8319-406C-BC5F-E430D28258BB}.MakeDoc|Mixed Platforms.Build.0 = Release|Any CPU
		{DDD13750-8319-406C-BC5F-E430D28258BB}.MakeDoc|x64.ActiveCfg = Release|Any CPU
		{DDD13750-8319-406C-BC5F-E430D28258BB}.MakeDoc|x86.ActiveCfg = Release|Any CPU
		{DDD13750-8319-406C-BC5F-E430D28258BB}.Release|Any CPU.ActiveCfg = Release|Any CPU
		{DDD13750-8319-406C-BC5F-E430D28258BB}.Release|Any CPU.Build.0 = Release|Any CPU
		{DDD13750-8319-406C-BC5F-E430D28258BB}.Release|Mixed Platforms.ActiveCfg = Release|Any CPU
		{DDD13750-8319-406C-BC5F-E430D28258BB}.Release|Mixed Platforms.Build.0 = Release|Any CPU
		{DDD13750-8319-406C-BC5F-E430D28258BB}.Release|x64.ActiveCfg = Release|Any CPU
		{DDD13750-8319-406C-BC5F-E430D28258BB}.Release|x86.ActiveCfg = Release|Any CPU
		{DDD13750-8319-406C-BC5F-E430D28258BB}.XMLDocument|Any CPU.ActiveCfg = Release|Any CPU
		{DDD13750-8319-406C-BC5F-E430D28258BB}.XMLDocument|Any CPU.Build.0 = Release|Any CPU
		{DDD13750-8319-406C-BC5F-E430D28258BB}.XMLDocument|Mixed Platforms.ActiveCfg = Release|Any CPU
		{DDD13750-8319-406C-BC5F-E430D28258BB}.XMLDocument|Mixed Platforms.Build.0 = Release|Any CPU
		{DDD13750-8319-406C-BC5F-E430D28258BB}.XMLDocument|x64.ActiveCfg = Release|Any CPU
		{DDD13750-8319-406C-BC5F-E430D28258BB}.XMLDocument|x86.ActiveCfg = Release|Any CPU
		{E3F064A7-ECEF-46B8-83BD-299E4E8BDF82}.Debug|Any CPU.ActiveCfg = Debug|Any CPU
		{E3F064A7-ECEF-46B8-83BD-299E4E8BDF82}.Debug|Any CPU.Build.0 = Debug|Any CPU
		{E3F064A7-ECEF-46B8-83BD-299E4E8BDF82}.Debug|Mixed Platforms.ActiveCfg = Debug|Any CPU
		{E3F064A7-ECEF-46B8-83BD-299E4E8BDF82}.Debug|Mixed Platforms.Build.0 = Debug|Any CPU
		{E3F064A7-ECEF-46B8-83BD-299E4E8BDF82}.Debug|x64.ActiveCfg = Debug|Any CPU
		{E3F064A7-ECEF-46B8-83BD-299E4E8BDF82}.Debug|x86.ActiveCfg = Debug|Any CPU
		{E3F064A7-ECEF-46B8-83BD-299E4E8BDF82}.MakeDoc|Any CPU.ActiveCfg = Release|Any CPU
		{E3F064A7-ECEF-46B8-83BD-299E4E8BDF82}.MakeDoc|Any CPU.Build.0 = Release|Any CPU
		{E3F064A7-ECEF-46B8-83BD-299E4E8BDF82}.MakeDoc|Mixed Platforms.ActiveCfg = Release|Any CPU
		{E3F064A7-ECEF-46B8-83BD-299E4E8BDF82}.MakeDoc|Mixed Platforms.Build.0 = Release|Any CPU
		{E3F064A7-ECEF-46B8-83BD-299E4E8BDF82}.MakeDoc|x64.ActiveCfg = Release|Any CPU
		{E3F064A7-ECEF-46B8-83BD-299E4E8BDF82}.MakeDoc|x86.ActiveCfg = Release|Any CPU
		{E3F064A7-ECEF-46B8-83BD-299E4E8BDF82}.Release|Any CPU.ActiveCfg = Release|Any CPU
		{E3F064A7-ECEF-46B8-83BD-299E4E8BDF82}.Release|Any CPU.Build.0 = Release|Any CPU
		{E3F064A7-ECEF-46B8-83BD-299E4E8BDF82}.Release|Mixed Platforms.ActiveCfg = Release|Any CPU
		{E3F064A7-ECEF-46B8-83BD-299E4E8BDF82}.Release|Mixed Platforms.Build.0 = Release|Any CPU
		{E3F064A7-ECEF-46B8-83BD-299E4E8BDF82}.Release|x64.ActiveCfg = Release|Any CPU
		{E3F064A7-ECEF-46B8-83BD-299E4E8BDF82}.Release|x86.ActiveCfg = Release|Any CPU
		{E3F064A7-ECEF-46B8-83BD-299E4E8BDF82}.XMLDocument|Any CPU.ActiveCfg = Release|Any CPU
		{E3F064A7-ECEF-46B8-83BD-299E4E8BDF82}.XMLDocument|Any CPU.Build.0 = Release|Any CPU
		{E3F064A7-ECEF-46B8-83BD-299E4E8BDF82}.XMLDocument|Mixed Platforms.ActiveCfg = Release|Any CPU
		{E3F064A7-ECEF-46B8-83BD-299E4E8BDF82}.XMLDocument|Mixed Platforms.Build.0 = Release|Any CPU
		{E3F064A7-ECEF-46B8-83BD-299E4E8BDF82}.XMLDocument|x64.ActiveCfg = Release|Any CPU
		{E3F064A7-ECEF-46B8-83BD-299E4E8BDF82}.XMLDocument|x86.ActiveCfg = Release|Any CPU
		{CE304F35-FABF-4A24-AC48-5710670A82BE}.Debug|Any CPU.ActiveCfg = Debug|Any CPU
		{CE304F35-FABF-4A24-AC48-5710670A82BE}.Debug|Any CPU.Build.0 = Debug|Any CPU
		{CE304F35-FABF-4A24-AC48-5710670A82BE}.Debug|Mixed Platforms.ActiveCfg = Debug|Any CPU
		{CE304F35-FABF-4A24-AC48-5710670A82BE}.Debug|Mixed Platforms.Build.0 = Debug|Any CPU
		{CE304F35-FABF-4A24-AC48-5710670A82BE}.Debug|x64.ActiveCfg = Debug|x64
		{CE304F35-FABF-4A24-AC48-5710670A82BE}.Debug|x64.Build.0 = Debug|x64
		{CE304F35-FABF-4A24-AC48-5710670A82BE}.Debug|x86.ActiveCfg = Debug|x64
		{CE304F35-FABF-4A24-AC48-5710670A82BE}.MakeDoc|Any CPU.ActiveCfg = Debug|Any CPU
		{CE304F35-FABF-4A24-AC48-5710670A82BE}.MakeDoc|Any CPU.Build.0 = Debug|Any CPU
		{CE304F35-FABF-4A24-AC48-5710670A82BE}.MakeDoc|Mixed Platforms.ActiveCfg = Debug|Any CPU
		{CE304F35-FABF-4A24-AC48-5710670A82BE}.MakeDoc|Mixed Platforms.Build.0 = Debug|Any CPU
		{CE304F35-FABF-4A24-AC48-5710670A82BE}.MakeDoc|x64.ActiveCfg = Debug|Any CPU
		{CE304F35-FABF-4A24-AC48-5710670A82BE}.MakeDoc|x86.ActiveCfg = Debug|Any CPU
		{CE304F35-FABF-4A24-AC48-5710670A82BE}.Release|Any CPU.ActiveCfg = Release|Any CPU
		{CE304F35-FABF-4A24-AC48-5710670A82BE}.Release|Any CPU.Build.0 = Release|Any CPU
		{CE304F35-FABF-4A24-AC48-5710670A82BE}.Release|Mixed Platforms.ActiveCfg = Release|Any CPU
		{CE304F35-FABF-4A24-AC48-5710670A82BE}.Release|Mixed Platforms.Build.0 = Release|Any CPU
		{CE304F35-FABF-4A24-AC48-5710670A82BE}.Release|x64.ActiveCfg = Release|x64
		{CE304F35-FABF-4A24-AC48-5710670A82BE}.Release|x64.Build.0 = Release|x64
		{CE304F35-FABF-4A24-AC48-5710670A82BE}.Release|x86.ActiveCfg = Release|x64
		{CE304F35-FABF-4A24-AC48-5710670A82BE}.XMLDocument|Any CPU.ActiveCfg = Debug|Any CPU
		{CE304F35-FABF-4A24-AC48-5710670A82BE}.XMLDocument|Any CPU.Build.0 = Debug|Any CPU
		{CE304F35-FABF-4A24-AC48-5710670A82BE}.XMLDocument|Mixed Platforms.ActiveCfg = Debug|Any CPU
		{CE304F35-FABF-4A24-AC48-5710670A82BE}.XMLDocument|Mixed Platforms.Build.0 = Debug|Any CPU
		{CE304F35-FABF-4A24-AC48-5710670A82BE}.XMLDocument|x64.ActiveCfg = Debug|Any CPU
		{CE304F35-FABF-4A24-AC48-5710670A82BE}.XMLDocument|x86.ActiveCfg = Debug|Any CPU
		{03F9F5A8-F3F4-499A-8B15-57ADBA5148CC}.Debug|Any CPU.ActiveCfg = Debug|Any CPU
		{03F9F5A8-F3F4-499A-8B15-57ADBA5148CC}.Debug|Any CPU.Build.0 = Debug|Any CPU
		{03F9F5A8-F3F4-499A-8B15-57ADBA5148CC}.Debug|Mixed Platforms.ActiveCfg = Debug|Any CPU
		{03F9F5A8-F3F4-499A-8B15-57ADBA5148CC}.Debug|Mixed Platforms.Build.0 = Debug|Any CPU
		{03F9F5A8-F3F4-499A-8B15-57ADBA5148CC}.Debug|x64.ActiveCfg = Debug|Any CPU
		{03F9F5A8-F3F4-499A-8B15-57ADBA5148CC}.Debug|x86.ActiveCfg = Debug|Any CPU
		{03F9F5A8-F3F4-499A-8B15-57ADBA5148CC}.MakeDoc|Any CPU.ActiveCfg = Release|Any CPU
		{03F9F5A8-F3F4-499A-8B15-57ADBA5148CC}.MakeDoc|Any CPU.Build.0 = Release|Any CPU
		{03F9F5A8-F3F4-499A-8B15-57ADBA5148CC}.MakeDoc|Mixed Platforms.ActiveCfg = Release|Any CPU
		{03F9F5A8-F3F4-499A-8B15-57ADBA5148CC}.MakeDoc|Mixed Platforms.Build.0 = Release|Any CPU
		{03F9F5A8-F3F4-499A-8B15-57ADBA5148CC}.MakeDoc|x64.ActiveCfg = Release|Any CPU
		{03F9F5A8-F3F4-499A-8B15-57ADBA5148CC}.MakeDoc|x86.ActiveCfg = Release|Any CPU
		{03F9F5A8-F3F4-499A-8B15-57ADBA5148CC}.Release|Any CPU.ActiveCfg = Release|Any CPU
		{03F9F5A8-F3F4-499A-8B15-57ADBA5148CC}.Release|Any CPU.Build.0 = Release|Any CPU
		{03F9F5A8-F3F4-499A-8B15-57ADBA5148CC}.Release|Mixed Platforms.ActiveCfg = Release|Any CPU
		{03F9F5A8-F3F4-499A-8B15-57ADBA5148CC}.Release|Mixed Platforms.Build.0 = Release|Any CPU
		{03F9F5A8-F3F4-499A-8B15-57ADBA5148CC}.Release|x64.ActiveCfg = Release|Any CPU
		{03F9F5A8-F3F4-499A-8B15-57ADBA5148CC}.Release|x86.ActiveCfg = Release|Any CPU
		{03F9F5A8-F3F4-499A-8B15-57ADBA5148CC}.XMLDocument|Any CPU.ActiveCfg = Release|Any CPU
		{03F9F5A8-F3F4-499A-8B15-57ADBA5148CC}.XMLDocument|Any CPU.Build.0 = Release|Any CPU
		{03F9F5A8-F3F4-499A-8B15-57ADBA5148CC}.XMLDocument|Mixed Platforms.ActiveCfg = Release|Any CPU
		{03F9F5A8-F3F4-499A-8B15-57ADBA5148CC}.XMLDocument|Mixed Platforms.Build.0 = Release|Any CPU
		{03F9F5A8-F3F4-499A-8B15-57ADBA5148CC}.XMLDocument|x64.ActiveCfg = Release|Any CPU
		{03F9F5A8-F3F4-499A-8B15-57ADBA5148CC}.XMLDocument|x86.ActiveCfg = Release|Any CPU
		{7AC63864-7638-41C4-969C-D3197EF2BED9}.Debug|Any CPU.ActiveCfg = Debug|Any CPU
		{7AC63864-7638-41C4-969C-D3197EF2BED9}.Debug|Any CPU.Build.0 = Debug|Any CPU
		{7AC63864-7638-41C4-969C-D3197EF2BED9}.Debug|Mixed Platforms.ActiveCfg = Debug|Any CPU
		{7AC63864-7638-41C4-969C-D3197EF2BED9}.Debug|Mixed Platforms.Build.0 = Debug|Any CPU
		{7AC63864-7638-41C4-969C-D3197EF2BED9}.Debug|x64.ActiveCfg = Debug|Any CPU
		{7AC63864-7638-41C4-969C-D3197EF2BED9}.Debug|x86.ActiveCfg = Debug|Any CPU
		{7AC63864-7638-41C4-969C-D3197EF2BED9}.MakeDoc|Any CPU.ActiveCfg = Release|Any CPU
		{7AC63864-7638-41C4-969C-D3197EF2BED9}.MakeDoc|Any CPU.Build.0 = Release|Any CPU
		{7AC63864-7638-41C4-969C-D3197EF2BED9}.MakeDoc|Mixed Platforms.ActiveCfg = Release|Any CPU
		{7AC63864-7638-41C4-969C-D3197EF2BED9}.MakeDoc|Mixed Platforms.Build.0 = Release|Any CPU
		{7AC63864-7638-41C4-969C-D3197EF2BED9}.MakeDoc|x64.ActiveCfg = Release|Any CPU
		{7AC63864-7638-41C4-969C-D3197EF2BED9}.MakeDoc|x86.ActiveCfg = Release|Any CPU
		{7AC63864-7638-41C4-969C-D3197EF2BED9}.Release|Any CPU.ActiveCfg = Release|Any CPU
		{7AC63864-7638-41C4-969C-D3197EF2BED9}.Release|Any CPU.Build.0 = Release|Any CPU
		{7AC63864-7638-41C4-969C-D3197EF2BED9}.Release|Mixed Platforms.ActiveCfg = Release|Any CPU
		{7AC63864-7638-41C4-969C-D3197EF2BED9}.Release|Mixed Platforms.Build.0 = Release|Any CPU
		{7AC63864-7638-41C4-969C-D3197EF2BED9}.Release|x64.ActiveCfg = Release|Any CPU
		{7AC63864-7638-41C4-969C-D3197EF2BED9}.Release|x86.ActiveCfg = Release|Any CPU
		{7AC63864-7638-41C4-969C-D3197EF2BED9}.XMLDocument|Any CPU.ActiveCfg = Release|Any CPU
		{7AC63864-7638-41C4-969C-D3197EF2BED9}.XMLDocument|Any CPU.Build.0 = Release|Any CPU
		{7AC63864-7638-41C4-969C-D3197EF2BED9}.XMLDocument|Mixed Platforms.ActiveCfg = Release|Any CPU
		{7AC63864-7638-41C4-969C-D3197EF2BED9}.XMLDocument|Mixed Platforms.Build.0 = Release|Any CPU
		{7AC63864-7638-41C4-969C-D3197EF2BED9}.XMLDocument|x64.ActiveCfg = Release|Any CPU
		{7AC63864-7638-41C4-969C-D3197EF2BED9}.XMLDocument|x86.ActiveCfg = Release|Any CPU
		{8271707D-0C08-460D-A332-6FDB8D0BB6D1}.Debug|Any CPU.ActiveCfg = Debug|Any CPU
		{8271707D-0C08-460D-A332-6FDB8D0BB6D1}.Debug|Any CPU.Build.0 = Debug|Any CPU
		{8271707D-0C08-460D-A332-6FDB8D0BB6D1}.Debug|Mixed Platforms.ActiveCfg = Debug|Any CPU
		{8271707D-0C08-460D-A332-6FDB8D0BB6D1}.Debug|Mixed Platforms.Build.0 = Debug|Any CPU
		{8271707D-0C08-460D-A332-6FDB8D0BB6D1}.Debug|x64.ActiveCfg = Debug|Any CPU
		{8271707D-0C08-460D-A332-6FDB8D0BB6D1}.Debug|x86.ActiveCfg = Debug|Any CPU
		{8271707D-0C08-460D-A332-6FDB8D0BB6D1}.MakeDoc|Any CPU.ActiveCfg = Release|Any CPU
		{8271707D-0C08-460D-A332-6FDB8D0BB6D1}.MakeDoc|Any CPU.Build.0 = Release|Any CPU
		{8271707D-0C08-460D-A332-6FDB8D0BB6D1}.MakeDoc|Mixed Platforms.ActiveCfg = Release|Any CPU
		{8271707D-0C08-460D-A332-6FDB8D0BB6D1}.MakeDoc|Mixed Platforms.Build.0 = Release|Any CPU
		{8271707D-0C08-460D-A332-6FDB8D0BB6D1}.MakeDoc|x64.ActiveCfg = Release|Any CPU
		{8271707D-0C08-460D-A332-6FDB8D0BB6D1}.MakeDoc|x86.ActiveCfg = Release|Any CPU
		{8271707D-0C08-460D-A332-6FDB8D0BB6D1}.Release|Any CPU.ActiveCfg = Release|Any CPU
		{8271707D-0C08-460D-A332-6FDB8D0BB6D1}.Release|Any CPU.Build.0 = Release|Any CPU
		{8271707D-0C08-460D-A332-6FDB8D0BB6D1}.Release|Mixed Platforms.ActiveCfg = Release|Any CPU
		{8271707D-0C08-460D-A332-6FDB8D0BB6D1}.Release|Mixed Platforms.Build.0 = Release|Any CPU
		{8271707D-0C08-460D-A332-6FDB8D0BB6D1}.Release|x64.ActiveCfg = Release|Any CPU
		{8271707D-0C08-460D-A332-6FDB8D0BB6D1}.Release|x86.ActiveCfg = Release|Any CPU
		{8271707D-0C08-460D-A332-6FDB8D0BB6D1}.XMLDocument|Any CPU.ActiveCfg = Release|Any CPU
		{8271707D-0C08-460D-A332-6FDB8D0BB6D1}.XMLDocument|Any CPU.Build.0 = Release|Any CPU
		{8271707D-0C08-460D-A332-6FDB8D0BB6D1}.XMLDocument|Mixed Platforms.ActiveCfg = Release|Any CPU
		{8271707D-0C08-460D-A332-6FDB8D0BB6D1}.XMLDocument|Mixed Platforms.Build.0 = Release|Any CPU
		{8271707D-0C08-460D-A332-6FDB8D0BB6D1}.XMLDocument|x64.ActiveCfg = Release|Any CPU
		{8271707D-0C08-460D-A332-6FDB8D0BB6D1}.XMLDocument|x86.ActiveCfg = Release|Any CPU
		{130CB897-10E1-49BF-B7B4-F76A91FD78FD}.Debug|Any CPU.ActiveCfg = Debug|x86
		{130CB897-10E1-49BF-B7B4-F76A91FD78FD}.Debug|Mixed Platforms.ActiveCfg = Debug|x86
		{130CB897-10E1-49BF-B7B4-F76A91FD78FD}.Debug|Mixed Platforms.Build.0 = Debug|x86
		{130CB897-10E1-49BF-B7B4-F76A91FD78FD}.Debug|x64.ActiveCfg = Debug|x86
		{130CB897-10E1-49BF-B7B4-F76A91FD78FD}.Debug|x86.ActiveCfg = Debug|x86
		{130CB897-10E1-49BF-B7B4-F76A91FD78FD}.Debug|x86.Build.0 = Debug|x86
		{130CB897-10E1-49BF-B7B4-F76A91FD78FD}.MakeDoc|Any CPU.ActiveCfg = Release|x86
		{130CB897-10E1-49BF-B7B4-F76A91FD78FD}.MakeDoc|Mixed Platforms.ActiveCfg = Release|x86
		{130CB897-10E1-49BF-B7B4-F76A91FD78FD}.MakeDoc|Mixed Platforms.Build.0 = Release|x86
		{130CB897-10E1-49BF-B7B4-F76A91FD78FD}.MakeDoc|x64.ActiveCfg = Release|x86
		{130CB897-10E1-49BF-B7B4-F76A91FD78FD}.MakeDoc|x86.ActiveCfg = Release|x86
		{130CB897-10E1-49BF-B7B4-F76A91FD78FD}.MakeDoc|x86.Build.0 = Release|x86
		{130CB897-10E1-49BF-B7B4-F76A91FD78FD}.Release|Any CPU.ActiveCfg = Release|x86
		{130CB897-10E1-49BF-B7B4-F76A91FD78FD}.Release|Mixed Platforms.ActiveCfg = Release|x86
		{130CB897-10E1-49BF-B7B4-F76A91FD78FD}.Release|Mixed Platforms.Build.0 = Release|x86
		{130CB897-10E1-49BF-B7B4-F76A91FD78FD}.Release|x64.ActiveCfg = Release|x86
		{130CB897-10E1-49BF-B7B4-F76A91FD78FD}.Release|x86.ActiveCfg = Release|x86
		{130CB897-10E1-49BF-B7B4-F76A91FD78FD}.Release|x86.Build.0 = Release|x86
		{130CB897-10E1-49BF-B7B4-F76A91FD78FD}.XMLDocument|Any CPU.ActiveCfg = Release|x86
		{130CB897-10E1-49BF-B7B4-F76A91FD78FD}.XMLDocument|Mixed Platforms.ActiveCfg = Release|x86
		{130CB897-10E1-49BF-B7B4-F76A91FD78FD}.XMLDocument|Mixed Platforms.Build.0 = Release|x86
		{130CB897-10E1-49BF-B7B4-F76A91FD78FD}.XMLDocument|x64.ActiveCfg = Release|x86
		{130CB897-10E1-49BF-B7B4-F76A91FD78FD}.XMLDocument|x86.ActiveCfg = Release|x86
		{130CB897-10E1-49BF-B7B4-F76A91FD78FD}.XMLDocument|x86.Build.0 = Release|x86
	EndGlobalSection
	GlobalSection(SolutionProperties) = preSolution
		HideSolutionNode = FALSE
	EndGlobalSection
EndGlobal
